// !$*UTF8*$!
{
	archiveVersion = 1;
	classes = {
	};
	objectVersion = 46;
	objects = {

/* Begin PBXBuildFile section */
		49756A75176DE96200DF090E /* AllAlarmsViewController.m in Sources */ = {isa = PBXBuildFile; fileRef = 49756A74176DE96200DF090E /* AllAlarmsViewController.m */; };
		49756A76176DE96200DF090E /* AllAlarmsViewController.m in Sources */ = {isa = PBXBuildFile; fileRef = 49756A74176DE96200DF090E /* AllAlarmsViewController.m */; };
		49756A79176DED3200DF090E /* Alarm.m in Sources */ = {isa = PBXBuildFile; fileRef = 49756A78176DED3200DF090E /* Alarm.m */; };
		49756A7A176DED3200DF090E /* Alarm.m in Sources */ = {isa = PBXBuildFile; fileRef = 49756A78176DED3200DF090E /* Alarm.m */; };
		49756A81176DF85700DF090E /* ListDetailViewController.m in Sources */ = {isa = PBXBuildFile; fileRef = 49756A80176DF85700DF090E /* ListDetailViewController.m */; };
		49756A82176DF85700DF090E /* ListDetailViewController.m in Sources */ = {isa = PBXBuildFile; fileRef = 49756A80176DF85700DF090E /* ListDetailViewController.m */; };
		49756A85176E44BF00DF090E /* AlarmsDataModel.m in Sources */ = {isa = PBXBuildFile; fileRef = 49756A84176E44BF00DF090E /* AlarmsDataModel.m */; };
		49756A86176E44BF00DF090E /* AlarmsDataModel.m in Sources */ = {isa = PBXBuildFile; fileRef = 49756A84176E44BF00DF090E /* AlarmsDataModel.m */; };
		49EB97691769E5CB009B2627 /* alertsViewController.m in Sources */ = {isa = PBXBuildFile; fileRef = 49EB97681769E5CB009B2627 /* alertsViewController.m */; };
		49EB976C1769E641009B2627 /* Alarms.m in Sources */ = {isa = PBXBuildFile; fileRef = 49EB976B1769E641009B2627 /* Alarms.m */; };
		49EB9868176A1CF6009B2627 /* NSCalendar+Components.m in Sources */ = {isa = PBXBuildFile; fileRef = 49EB9836176A1CF6009B2627 /* NSCalendar+Components.m */; };
		49EB9869176A1CF6009B2627 /* NSCalendar+DateComparison.m in Sources */ = {isa = PBXBuildFile; fileRef = 49EB9838176A1CF6009B2627 /* NSCalendar+DateComparison.m */; };
		49EB986A176A1CF6009B2627 /* NSCalendar+DateManipulation.m in Sources */ = {isa = PBXBuildFile; fileRef = 49EB983A176A1CF6009B2627 /* NSCalendar+DateManipulation.m */; };
		49EB986B176A1CF6009B2627 /* NSCalendar+Juncture.m in Sources */ = {isa = PBXBuildFile; fileRef = 49EB983C176A1CF6009B2627 /* NSCalendar+Juncture.m */; };
		49EB986C176A1CF6009B2627 /* NSCalendar+Ranges.m in Sources */ = {isa = PBXBuildFile; fileRef = 49EB983E176A1CF6009B2627 /* NSCalendar+Ranges.m */; };
		49EB986D176A1CF6009B2627 /* NSDate+Components.m in Sources */ = {isa = PBXBuildFile; fileRef = 49EB9842176A1CF6009B2627 /* NSDate+Components.m */; };
		49EB986E176A1CF6009B2627 /* NSDate+Description.m in Sources */ = {isa = PBXBuildFile; fileRef = 49EB9844176A1CF6009B2627 /* NSDate+Description.m */; };
		49EB986F176A1CF6009B2627 /* NSDateComponents+AllComponents.m in Sources */ = {isa = PBXBuildFile; fileRef = 49EB9846176A1CF6009B2627 /* NSDateComponents+AllComponents.m */; };
		49EB9870176A1CF6009B2627 /* NSString+Color.m in Sources */ = {isa = PBXBuildFile; fileRef = 49EB9848176A1CF6009B2627 /* NSString+Color.m */; };
		49EB9871176A1CF6009B2627 /* UIColor+HexString.m in Sources */ = {isa = PBXBuildFile; fileRef = 49EB984B176A1CF6009B2627 /* UIColor+HexString.m */; };
		49EB9872176A1CF6009B2627 /* UIView+AnimatedFrame.m in Sources */ = {isa = PBXBuildFile; fileRef = 49EB984E176A1CF6009B2627 /* UIView+AnimatedFrame.m */; };
		49EB9873176A1CF6009B2627 /* UIView+Border.m in Sources */ = {isa = PBXBuildFile; fileRef = 49EB9850176A1CF6009B2627 /* UIView+Border.m */; };
		49EB9874176A1CF6009B2627 /* CKCalendarCell.m in Sources */ = {isa = PBXBuildFile; fileRef = 49EB9853176A1CF6009B2627 /* CKCalendarCell.m */; };
		49EB9875176A1CF6009B2627 /* CKCalendarEvent.m in Sources */ = {isa = PBXBuildFile; fileRef = 49EB9855176A1CF6009B2627 /* CKCalendarEvent.m */; };
		49EB9876176A1CF6009B2627 /* CKCalendarHeaderView.m in Sources */ = {isa = PBXBuildFile; fileRef = 49EB9857176A1CF6009B2627 /* CKCalendarHeaderView.m */; };
		49EB9877176A1CF6009B2627 /* CKCalendarView.m in Sources */ = {isa = PBXBuildFile; fileRef = 49EB9859176A1CF6009B2627 /* CKCalendarView.m */; };
		49EB9878176A1CF6009B2627 /* MBPolygonView.m in Sources */ = {isa = PBXBuildFile; fileRef = 49EB985B176A1CF6009B2627 /* MBPolygonView.m */; };
		49EB9879176A1CF6009B2627 /* CKCalendarViewController.m in Sources */ = {isa = PBXBuildFile; fileRef = 49EB9865176A1CF6009B2627 /* CKCalendarViewController.m */; };
		49EB987A176A1CF6009B2627 /* CKCalendarViewControllerInternal.m in Sources */ = {isa = PBXBuildFile; fileRef = 49EB9867176A1CF6009B2627 /* CKCalendarViewControllerInternal.m */; };
		49EB987F176B51A2009B2627 /* EventKit.framework in Frameworks */ = {isa = PBXBuildFile; fileRef = 49EB987D176B51A2009B2627 /* EventKit.framework */; };
		49EB9880176B51A2009B2627 /* EventKitUI.framework in Frameworks */ = {isa = PBXBuildFile; fileRef = 49EB987E176B51A2009B2627 /* EventKitUI.framework */; };
		49EB9883176B5DC0009B2627 /* alarmsViewController.m in Sources */ = {isa = PBXBuildFile; fileRef = 49EB9882176B5DC0009B2627 /* alarmsViewController.m */; };
		49EB9884176B5DC0009B2627 /* alarmsViewController.m in Sources */ = {isa = PBXBuildFile; fileRef = 49EB9882176B5DC0009B2627 /* alarmsViewController.m */; };
		49EB9887176B9474009B2627 /* AlarmItem.m in Sources */ = {isa = PBXBuildFile; fileRef = 49EB9886176B9474009B2627 /* AlarmItem.m */; };
		49EB9888176B9474009B2627 /* AlarmItem.m in Sources */ = {isa = PBXBuildFile; fileRef = 49EB9886176B9474009B2627 /* AlarmItem.m */; };
		49EB988B176C7140009B2627 /* AlarmDetailViewController.m in Sources */ = {isa = PBXBuildFile; fileRef = 49EB988A176C7140009B2627 /* AlarmDetailViewController.m */; };
		49EB988C176C7140009B2627 /* AlarmDetailViewController.m in Sources */ = {isa = PBXBuildFile; fileRef = 49EB988A176C7140009B2627 /* AlarmDetailViewController.m */; };
		B12EBBD117679FB100A68C17 /* Calendar.m in Sources */ = {isa = PBXBuildFile; fileRef = B12EBBD017679FB100A68C17 /* Calendar.m */; };
		B12EBBD417679FCE00A68C17 /* Roommates.m in Sources */ = {isa = PBXBuildFile; fileRef = B12EBBD317679FCE00A68C17 /* Roommates.m */; };
		B12EBBD717679FE800A68C17 /* Finances.m in Sources */ = {isa = PBXBuildFile; fileRef = B12EBBD617679FE800A68C17 /* Finances.m */; };
		B12EBBDA17679FF300A68C17 /* Alerts.m in Sources */ = {isa = PBXBuildFile; fileRef = B12EBBD917679FF300A68C17 /* Alerts.m */; };
		B12EBBE01767A00B00A68C17 /* Shoppinglist.m in Sources */ = {isa = PBXBuildFile; fileRef = B12EBBDF1767A00B00A68C17 /* Shoppinglist.m */; };
		B12EBBE71767B33500A68C17 /* facebookViewController.m in Sources */ = {isa = PBXBuildFile; fileRef = B12EBBE61767B33400A68C17 /* facebookViewController.m */; };
		B12EBBEA1767B36000A68C17 /* Login.m in Sources */ = {isa = PBXBuildFile; fileRef = B12EBBE91767B36000A68C17 /* Login.m */; };
		B19A6DE117671DF00026D06C /* UIKit.framework in Frameworks */ = {isa = PBXBuildFile; fileRef = B19A6DE017671DF00026D06C /* UIKit.framework */; };
		B19A6DE317671DF00026D06C /* Foundation.framework in Frameworks */ = {isa = PBXBuildFile; fileRef = B19A6DE217671DF00026D06C /* Foundation.framework */; };
		B19A6DE517671DF00026D06C /* CoreGraphics.framework in Frameworks */ = {isa = PBXBuildFile; fileRef = B19A6DE417671DF00026D06C /* CoreGraphics.framework */; };
		B19A6DEB17671DF00026D06C /* InfoPlist.strings in Resources */ = {isa = PBXBuildFile; fileRef = B19A6DE917671DF00026D06C /* InfoPlist.strings */; };
		B19A6DED17671DF00026D06C /* main.m in Sources */ = {isa = PBXBuildFile; fileRef = B19A6DEC17671DF00026D06C /* main.m */; };
		B19A6DF117671DF00026D06C /* AppDelegate.m in Sources */ = {isa = PBXBuildFile; fileRef = B19A6DF017671DF00026D06C /* AppDelegate.m */; };
		B19A6DF317671DF00026D06C /* Default.png in Resources */ = {isa = PBXBuildFile; fileRef = B19A6DF217671DF00026D06C /* Default.png */; };
		B19A6DF517671DF00026D06C /* Default@2x.png in Resources */ = {isa = PBXBuildFile; fileRef = B19A6DF417671DF00026D06C /* Default@2x.png */; };
		B19A6DF717671DF00026D06C /* Default-568h@2x.png in Resources */ = {isa = PBXBuildFile; fileRef = B19A6DF617671DF00026D06C /* Default-568h@2x.png */; };
		B19A6DFA17671DF00026D06C /* MainStoryboard.storyboard in Resources */ = {isa = PBXBuildFile; fileRef = B19A6DF817671DF00026D06C /* MainStoryboard.storyboard */; };
		B19A6DFD17671DF00026D06C /* ViewController.m in Sources */ = {isa = PBXBuildFile; fileRef = B19A6DFC17671DF00026D06C /* ViewController.m */; };
		B19A6E0517671DF00026D06C /* SenTestingKit.framework in Frameworks */ = {isa = PBXBuildFile; fileRef = B19A6E0417671DF00026D06C /* SenTestingKit.framework */; };
		B19A6E0617671DF00026D06C /* UIKit.framework in Frameworks */ = {isa = PBXBuildFile; fileRef = B19A6DE017671DF00026D06C /* UIKit.framework */; };
		B19A6E0717671DF00026D06C /* Foundation.framework in Frameworks */ = {isa = PBXBuildFile; fileRef = B19A6DE217671DF00026D06C /* Foundation.framework */; };
		B19A6E0F17671DF00026D06C /* InfoPlist.strings in Resources */ = {isa = PBXBuildFile; fileRef = B19A6E0D17671DF00026D06C /* InfoPlist.strings */; };
		B19A6E1217671DF00026D06C /* HuisgenotenTests.m in Sources */ = {isa = PBXBuildFile; fileRef = B19A6E1117671DF00026D06C /* HuisgenotenTests.m */; };
		B1BF484B17674EC20046BD19 /* calendarViewController.m in Sources */ = {isa = PBXBuildFile; fileRef = B1BF484A17674EC20046BD19 /* calendarViewController.m */; };
		B1BF484E176750300046BD19 /* shoppinglistViewController.m in Sources */ = {isa = PBXBuildFile; fileRef = B1BF484D176750300046BD19 /* shoppinglistViewController.m */; };
		B1BF4851176750800046BD19 /* roommatesViewController.m in Sources */ = {isa = PBXBuildFile; fileRef = B1BF4850176750800046BD19 /* roommatesViewController.m */; };
		B1BF4854176750DD0046BD19 /* financesViewController.m in Sources */ = {isa = PBXBuildFile; fileRef = B1BF4853176750DC0046BD19 /* financesViewController.m */; };
/* End PBXBuildFile section */

/* Begin PBXContainerItemProxy section */
		B19A6E0817671DF00026D06C /* PBXContainerItemProxy */ = {
			isa = PBXContainerItemProxy;
			containerPortal = B19A6DD517671DF00026D06C /* Project object */;
			proxyType = 1;
			remoteGlobalIDString = B19A6DDC17671DF00026D06C;
			remoteInfo = Huisgenoten;
		};
/* End PBXContainerItemProxy section */

/* Begin PBXFileReference section */
		49756A73176DE96200DF090E /* AllAlarmsViewController.h */ = {isa = PBXFileReference; fileEncoding = 4; lastKnownFileType = sourcecode.c.h; path = AllAlarmsViewController.h; sourceTree = "<group>"; };
		49756A74176DE96200DF090E /* AllAlarmsViewController.m */ = {isa = PBXFileReference; fileEncoding = 4; lastKnownFileType = sourcecode.c.objc; path = AllAlarmsViewController.m; sourceTree = "<group>"; };
		49756A77176DED3200DF090E /* Alarm.h */ = {isa = PBXFileReference; fileEncoding = 4; lastKnownFileType = sourcecode.c.h; path = Alarm.h; sourceTree = "<group>"; };
		49756A78176DED3200DF090E /* Alarm.m */ = {isa = PBXFileReference; fileEncoding = 4; lastKnownFileType = sourcecode.c.objc; path = Alarm.m; sourceTree = "<group>"; };
		49756A7F176DF85700DF090E /* ListDetailViewController.h */ = {isa = PBXFileReference; fileEncoding = 4; lastKnownFileType = sourcecode.c.h; path = ListDetailViewController.h; sourceTree = "<group>"; };
		49756A80176DF85700DF090E /* ListDetailViewController.m */ = {isa = PBXFileReference; fileEncoding = 4; lastKnownFileType = sourcecode.c.objc; path = ListDetailViewController.m; sourceTree = "<group>"; };
		49756A83176E44BF00DF090E /* AlarmsDataModel.h */ = {isa = PBXFileReference; fileEncoding = 4; lastKnownFileType = sourcecode.c.h; path = AlarmsDataModel.h; sourceTree = "<group>"; };
		49756A84176E44BF00DF090E /* AlarmsDataModel.m */ = {isa = PBXFileReference; fileEncoding = 4; lastKnownFileType = sourcecode.c.objc; path = AlarmsDataModel.m; sourceTree = "<group>"; };
		49EB97671769E5CB009B2627 /* alertsViewController.h */ = {isa = PBXFileReference; fileEncoding = 4; lastKnownFileType = sourcecode.c.h; path = alertsViewController.h; sourceTree = "<group>"; };
		49EB97681769E5CB009B2627 /* alertsViewController.m */ = {isa = PBXFileReference; fileEncoding = 4; lastKnownFileType = sourcecode.c.objc; path = alertsViewController.m; sourceTree = "<group>"; };
		49EB976A1769E641009B2627 /* Alarms.h */ = {isa = PBXFileReference; fileEncoding = 4; lastKnownFileType = sourcecode.c.h; path = Alarms.h; sourceTree = "<group>"; };
		49EB976B1769E641009B2627 /* Alarms.m */ = {isa = PBXFileReference; fileEncoding = 4; lastKnownFileType = sourcecode.c.objc; path = Alarms.m; sourceTree = "<group>"; };
		49EB9831176A1CF6009B2627 /* CalendarKit.h */ = {isa = PBXFileReference; fileEncoding = 4; lastKnownFileType = sourcecode.c.h; path = CalendarKit.h; sourceTree = "<group>"; };
		49EB9835176A1CF6009B2627 /* NSCalendar+Components.h */ = {isa = PBXFileReference; fileEncoding = 4; lastKnownFileType = sourcecode.c.h; path = "NSCalendar+Components.h"; sourceTree = "<group>"; };
		49EB9836176A1CF6009B2627 /* NSCalendar+Components.m */ = {isa = PBXFileReference; fileEncoding = 4; lastKnownFileType = sourcecode.c.objc; path = "NSCalendar+Components.m"; sourceTree = "<group>"; };
		49EB9837176A1CF6009B2627 /* NSCalendar+DateComparison.h */ = {isa = PBXFileReference; fileEncoding = 4; lastKnownFileType = sourcecode.c.h; path = "NSCalendar+DateComparison.h"; sourceTree = "<group>"; };
		49EB9838176A1CF6009B2627 /* NSCalendar+DateComparison.m */ = {isa = PBXFileReference; fileEncoding = 4; lastKnownFileType = sourcecode.c.objc; path = "NSCalendar+DateComparison.m"; sourceTree = "<group>"; };
		49EB9839176A1CF6009B2627 /* NSCalendar+DateManipulation.h */ = {isa = PBXFileReference; fileEncoding = 4; lastKnownFileType = sourcecode.c.h; path = "NSCalendar+DateManipulation.h"; sourceTree = "<group>"; };
		49EB983A176A1CF6009B2627 /* NSCalendar+DateManipulation.m */ = {isa = PBXFileReference; fileEncoding = 4; lastKnownFileType = sourcecode.c.objc; path = "NSCalendar+DateManipulation.m"; sourceTree = "<group>"; };
		49EB983B176A1CF6009B2627 /* NSCalendar+Juncture.h */ = {isa = PBXFileReference; fileEncoding = 4; lastKnownFileType = sourcecode.c.h; path = "NSCalendar+Juncture.h"; sourceTree = "<group>"; };
		49EB983C176A1CF6009B2627 /* NSCalendar+Juncture.m */ = {isa = PBXFileReference; fileEncoding = 4; lastKnownFileType = sourcecode.c.objc; path = "NSCalendar+Juncture.m"; sourceTree = "<group>"; };
		49EB983D176A1CF6009B2627 /* NSCalendar+Ranges.h */ = {isa = PBXFileReference; fileEncoding = 4; lastKnownFileType = sourcecode.c.h; path = "NSCalendar+Ranges.h"; sourceTree = "<group>"; };
		49EB983E176A1CF6009B2627 /* NSCalendar+Ranges.m */ = {isa = PBXFileReference; fileEncoding = 4; lastKnownFileType = sourcecode.c.objc; path = "NSCalendar+Ranges.m"; sourceTree = "<group>"; };
		49EB983F176A1CF6009B2627 /* NSCalendarCategories.h */ = {isa = PBXFileReference; fileEncoding = 4; lastKnownFileType = sourcecode.c.h; path = NSCalendarCategories.h; sourceTree = "<group>"; };
		49EB9841176A1CF6009B2627 /* NSDate+Components.h */ = {isa = PBXFileReference; fileEncoding = 4; lastKnownFileType = sourcecode.c.h; path = "NSDate+Components.h"; sourceTree = "<group>"; };
		49EB9842176A1CF6009B2627 /* NSDate+Components.m */ = {isa = PBXFileReference; fileEncoding = 4; lastKnownFileType = sourcecode.c.objc; path = "NSDate+Components.m"; sourceTree = "<group>"; };
		49EB9843176A1CF6009B2627 /* NSDate+Description.h */ = {isa = PBXFileReference; fileEncoding = 4; lastKnownFileType = sourcecode.c.h; path = "NSDate+Description.h"; sourceTree = "<group>"; };
		49EB9844176A1CF6009B2627 /* NSDate+Description.m */ = {isa = PBXFileReference; fileEncoding = 4; lastKnownFileType = sourcecode.c.objc; path = "NSDate+Description.m"; sourceTree = "<group>"; };
		49EB9845176A1CF6009B2627 /* NSDateComponents+AllComponents.h */ = {isa = PBXFileReference; fileEncoding = 4; lastKnownFileType = sourcecode.c.h; path = "NSDateComponents+AllComponents.h"; sourceTree = "<group>"; };
		49EB9846176A1CF6009B2627 /* NSDateComponents+AllComponents.m */ = {isa = PBXFileReference; fileEncoding = 4; lastKnownFileType = sourcecode.c.objc; path = "NSDateComponents+AllComponents.m"; sourceTree = "<group>"; };
		49EB9847176A1CF6009B2627 /* NSString+Color.h */ = {isa = PBXFileReference; fileEncoding = 4; lastKnownFileType = sourcecode.c.h; path = "NSString+Color.h"; sourceTree = "<group>"; };
		49EB9848176A1CF6009B2627 /* NSString+Color.m */ = {isa = PBXFileReference; fileEncoding = 4; lastKnownFileType = sourcecode.c.objc; path = "NSString+Color.m"; sourceTree = "<group>"; };
		49EB984A176A1CF6009B2627 /* UIColor+HexString.h */ = {isa = PBXFileReference; fileEncoding = 4; lastKnownFileType = sourcecode.c.h; path = "UIColor+HexString.h"; sourceTree = "<group>"; };
		49EB984B176A1CF6009B2627 /* UIColor+HexString.m */ = {isa = PBXFileReference; fileEncoding = 4; lastKnownFileType = sourcecode.c.objc; path = "UIColor+HexString.m"; sourceTree = "<group>"; };
		49EB984D176A1CF6009B2627 /* UIView+AnimatedFrame.h */ = {isa = PBXFileReference; fileEncoding = 4; lastKnownFileType = sourcecode.c.h; path = "UIView+AnimatedFrame.h"; sourceTree = "<group>"; };
		49EB984E176A1CF6009B2627 /* UIView+AnimatedFrame.m */ = {isa = PBXFileReference; fileEncoding = 4; lastKnownFileType = sourcecode.c.objc; path = "UIView+AnimatedFrame.m"; sourceTree = "<group>"; };
		49EB984F176A1CF6009B2627 /* UIView+Border.h */ = {isa = PBXFileReference; fileEncoding = 4; lastKnownFileType = sourcecode.c.h; path = "UIView+Border.h"; sourceTree = "<group>"; };
		49EB9850176A1CF6009B2627 /* UIView+Border.m */ = {isa = PBXFileReference; fileEncoding = 4; lastKnownFileType = sourcecode.c.objc; path = "UIView+Border.m"; sourceTree = "<group>"; };
		49EB9852176A1CF6009B2627 /* CKCalendarCell.h */ = {isa = PBXFileReference; fileEncoding = 4; lastKnownFileType = sourcecode.c.h; path = CKCalendarCell.h; sourceTree = "<group>"; };
		49EB9853176A1CF6009B2627 /* CKCalendarCell.m */ = {isa = PBXFileReference; fileEncoding = 4; lastKnownFileType = sourcecode.c.objc; path = CKCalendarCell.m; sourceTree = "<group>"; };
		49EB9854176A1CF6009B2627 /* CKCalendarEvent.h */ = {isa = PBXFileReference; fileEncoding = 4; lastKnownFileType = sourcecode.c.h; path = CKCalendarEvent.h; sourceTree = "<group>"; };
		49EB9855176A1CF6009B2627 /* CKCalendarEvent.m */ = {isa = PBXFileReference; fileEncoding = 4; lastKnownFileType = sourcecode.c.objc; path = CKCalendarEvent.m; sourceTree = "<group>"; };
		49EB9856176A1CF6009B2627 /* CKCalendarHeaderView.h */ = {isa = PBXFileReference; fileEncoding = 4; lastKnownFileType = sourcecode.c.h; path = CKCalendarHeaderView.h; sourceTree = "<group>"; };
		49EB9857176A1CF6009B2627 /* CKCalendarHeaderView.m */ = {isa = PBXFileReference; fileEncoding = 4; lastKnownFileType = sourcecode.c.objc; path = CKCalendarHeaderView.m; sourceTree = "<group>"; };
		49EB9858176A1CF6009B2627 /* CKCalendarView.h */ = {isa = PBXFileReference; fileEncoding = 4; lastKnownFileType = sourcecode.c.h; path = CKCalendarView.h; sourceTree = "<group>"; };
		49EB9859176A1CF6009B2627 /* CKCalendarView.m */ = {isa = PBXFileReference; fileEncoding = 4; lastKnownFileType = sourcecode.c.objc; path = CKCalendarView.m; sourceTree = "<group>"; };
		49EB985A176A1CF6009B2627 /* MBPolygonView.h */ = {isa = PBXFileReference; fileEncoding = 4; lastKnownFileType = sourcecode.c.h; path = MBPolygonView.h; sourceTree = "<group>"; };
		49EB985B176A1CF6009B2627 /* MBPolygonView.m */ = {isa = PBXFileReference; fileEncoding = 4; lastKnownFileType = sourcecode.c.objc; path = MBPolygonView.m; sourceTree = "<group>"; };
		49EB985D176A1CF6009B2627 /* CKCalendarCellColors.h */ = {isa = PBXFileReference; fileEncoding = 4; lastKnownFileType = sourcecode.c.h; path = CKCalendarCellColors.h; sourceTree = "<group>"; };
		49EB985E176A1CF6009B2627 /* CKCalendarDataSource.h */ = {isa = PBXFileReference; fileEncoding = 4; lastKnownFileType = sourcecode.c.h; path = CKCalendarDataSource.h; sourceTree = "<group>"; };
		49EB985F176A1CF6009B2627 /* CKCalendarDelegate.h */ = {isa = PBXFileReference; fileEncoding = 4; lastKnownFileType = sourcecode.c.h; path = CKCalendarDelegate.h; sourceTree = "<group>"; };
		49EB9860176A1CF6009B2627 /* CKCalendarHeaderColors.h */ = {isa = PBXFileReference; fileEncoding = 4; lastKnownFileType = sourcecode.c.h; path = CKCalendarHeaderColors.h; sourceTree = "<group>"; };
		49EB9861176A1CF6009B2627 /* CKCalendarMonthCellStates.h */ = {isa = PBXFileReference; fileEncoding = 4; lastKnownFileType = sourcecode.c.h; path = CKCalendarMonthCellStates.h; sourceTree = "<group>"; };
		49EB9862176A1CF6009B2627 /* CKCalendarViewModes.h */ = {isa = PBXFileReference; fileEncoding = 4; lastKnownFileType = sourcecode.c.h; path = CKCalendarViewModes.h; sourceTree = "<group>"; };
		49EB9864176A1CF6009B2627 /* CKCalendarViewController.h */ = {isa = PBXFileReference; fileEncoding = 4; lastKnownFileType = sourcecode.c.h; path = CKCalendarViewController.h; sourceTree = "<group>"; };
		49EB9865176A1CF6009B2627 /* CKCalendarViewController.m */ = {isa = PBXFileReference; fileEncoding = 4; lastKnownFileType = sourcecode.c.objc; path = CKCalendarViewController.m; sourceTree = "<group>"; };
		49EB9866176A1CF6009B2627 /* CKCalendarViewControllerInternal.h */ = {isa = PBXFileReference; fileEncoding = 4; lastKnownFileType = sourcecode.c.h; path = CKCalendarViewControllerInternal.h; sourceTree = "<group>"; };
		49EB9867176A1CF6009B2627 /* CKCalendarViewControllerInternal.m */ = {isa = PBXFileReference; fileEncoding = 4; lastKnownFileType = sourcecode.c.objc; path = CKCalendarViewControllerInternal.m; sourceTree = "<group>"; };
		49EB987D176B51A2009B2627 /* EventKit.framework */ = {isa = PBXFileReference; lastKnownFileType = wrapper.framework; name = EventKit.framework; path = System/Library/Frameworks/EventKit.framework; sourceTree = SDKROOT; };
		49EB987E176B51A2009B2627 /* EventKitUI.framework */ = {isa = PBXFileReference; lastKnownFileType = wrapper.framework; name = EventKitUI.framework; path = System/Library/Frameworks/EventKitUI.framework; sourceTree = SDKROOT; };
		49EB9881176B5DC0009B2627 /* alarmsViewController.h */ = {isa = PBXFileReference; fileEncoding = 4; lastKnownFileType = sourcecode.c.h; path = alarmsViewController.h; sourceTree = "<group>"; };
		49EB9882176B5DC0009B2627 /* alarmsViewController.m */ = {isa = PBXFileReference; fileEncoding = 4; lastKnownFileType = sourcecode.c.objc; path = alarmsViewController.m; sourceTree = "<group>"; };
		49EB9885176B9474009B2627 /* AlarmItem.h */ = {isa = PBXFileReference; fileEncoding = 4; lastKnownFileType = sourcecode.c.h; path = AlarmItem.h; sourceTree = "<group>"; };
		49EB9886176B9474009B2627 /* AlarmItem.m */ = {isa = PBXFileReference; fileEncoding = 4; lastKnownFileType = sourcecode.c.objc; path = AlarmItem.m; sourceTree = "<group>"; };
		49EB9889176C7140009B2627 /* AlarmDetailViewController.h */ = {isa = PBXFileReference; fileEncoding = 4; lastKnownFileType = sourcecode.c.h; path = AlarmDetailViewController.h; sourceTree = "<group>"; };
		49EB988A176C7140009B2627 /* AlarmDetailViewController.m */ = {isa = PBXFileReference; fileEncoding = 4; lastKnownFileType = sourcecode.c.objc; path = AlarmDetailViewController.m; sourceTree = "<group>"; };
		B12EBBCF17679FB100A68C17 /* Calendar.h */ = {isa = PBXFileReference; fileEncoding = 4; lastKnownFileType = sourcecode.c.h; path = Calendar.h; sourceTree = "<group>"; };
		B12EBBD017679FB100A68C17 /* Calendar.m */ = {isa = PBXFileReference; fileEncoding = 4; lastKnownFileType = sourcecode.c.objc; path = Calendar.m; sourceTree = "<group>"; };
		B12EBBD217679FCE00A68C17 /* Roommates.h */ = {isa = PBXFileReference; fileEncoding = 4; lastKnownFileType = sourcecode.c.h; path = Roommates.h; sourceTree = "<group>"; };
		B12EBBD317679FCE00A68C17 /* Roommates.m */ = {isa = PBXFileReference; fileEncoding = 4; lastKnownFileType = sourcecode.c.objc; path = Roommates.m; sourceTree = "<group>"; };
		B12EBBD517679FE800A68C17 /* Finances.h */ = {isa = PBXFileReference; fileEncoding = 4; lastKnownFileType = sourcecode.c.h; path = Finances.h; sourceTree = "<group>"; };
		B12EBBD617679FE800A68C17 /* Finances.m */ = {isa = PBXFileReference; fileEncoding = 4; lastKnownFileType = sourcecode.c.objc; path = Finances.m; sourceTree = "<group>"; };
		B12EBBD817679FF300A68C17 /* Alerts.h */ = {isa = PBXFileReference; fileEncoding = 4; lastKnownFileType = sourcecode.c.h; path = Alerts.h; sourceTree = "<group>"; };
		B12EBBD917679FF300A68C17 /* Alerts.m */ = {isa = PBXFileReference; fileEncoding = 4; lastKnownFileType = sourcecode.c.objc; path = Alerts.m; sourceTree = "<group>"; };
		B12EBBDE1767A00B00A68C17 /* Shoppinglist.h */ = {isa = PBXFileReference; fileEncoding = 4; lastKnownFileType = sourcecode.c.h; path = Shoppinglist.h; sourceTree = "<group>"; };
		B12EBBDF1767A00B00A68C17 /* Shoppinglist.m */ = {isa = PBXFileReference; fileEncoding = 4; lastKnownFileType = sourcecode.c.objc; path = Shoppinglist.m; sourceTree = "<group>"; };
		B12EBBE51767B33400A68C17 /* facebookViewController.h */ = {isa = PBXFileReference; fileEncoding = 4; lastKnownFileType = sourcecode.c.h; path = facebookViewController.h; sourceTree = "<group>"; };
		B12EBBE61767B33400A68C17 /* facebookViewController.m */ = {isa = PBXFileReference; fileEncoding = 4; lastKnownFileType = sourcecode.c.objc; path = facebookViewController.m; sourceTree = "<group>"; };
		B12EBBE81767B36000A68C17 /* Login.h */ = {isa = PBXFileReference; fileEncoding = 4; lastKnownFileType = sourcecode.c.h; path = Login.h; sourceTree = "<group>"; };
		B12EBBE91767B36000A68C17 /* Login.m */ = {isa = PBXFileReference; fileEncoding = 4; lastKnownFileType = sourcecode.c.objc; path = Login.m; sourceTree = "<group>"; };
		B19A6DDD17671DF00026D06C /* Huisgenoten.app */ = {isa = PBXFileReference; explicitFileType = wrapper.application; includeInIndex = 0; path = Huisgenoten.app; sourceTree = BUILT_PRODUCTS_DIR; };
		B19A6DE017671DF00026D06C /* UIKit.framework */ = {isa = PBXFileReference; lastKnownFileType = wrapper.framework; name = UIKit.framework; path = System/Library/Frameworks/UIKit.framework; sourceTree = SDKROOT; };
		B19A6DE217671DF00026D06C /* Foundation.framework */ = {isa = PBXFileReference; lastKnownFileType = wrapper.framework; name = Foundation.framework; path = System/Library/Frameworks/Foundation.framework; sourceTree = SDKROOT; };
		B19A6DE417671DF00026D06C /* CoreGraphics.framework */ = {isa = PBXFileReference; lastKnownFileType = wrapper.framework; name = CoreGraphics.framework; path = System/Library/Frameworks/CoreGraphics.framework; sourceTree = SDKROOT; };
		B19A6DE817671DF00026D06C /* Huisgenoten-Info.plist */ = {isa = PBXFileReference; lastKnownFileType = text.plist.xml; path = "Huisgenoten-Info.plist"; sourceTree = "<group>"; };
		B19A6DEA17671DF00026D06C /* en */ = {isa = PBXFileReference; lastKnownFileType = text.plist.strings; name = en; path = en.lproj/InfoPlist.strings; sourceTree = "<group>"; };
		B19A6DEC17671DF00026D06C /* main.m */ = {isa = PBXFileReference; lastKnownFileType = sourcecode.c.objc; path = main.m; sourceTree = "<group>"; };
		B19A6DEE17671DF00026D06C /* Huisgenoten-Prefix.pch */ = {isa = PBXFileReference; lastKnownFileType = sourcecode.c.h; path = "Huisgenoten-Prefix.pch"; sourceTree = "<group>"; };
		B19A6DEF17671DF00026D06C /* AppDelegate.h */ = {isa = PBXFileReference; lastKnownFileType = sourcecode.c.h; path = AppDelegate.h; sourceTree = "<group>"; };
		B19A6DF017671DF00026D06C /* AppDelegate.m */ = {isa = PBXFileReference; lastKnownFileType = sourcecode.c.objc; path = AppDelegate.m; sourceTree = "<group>"; };
		B19A6DF217671DF00026D06C /* Default.png */ = {isa = PBXFileReference; lastKnownFileType = image.png; path = Default.png; sourceTree = "<group>"; };
		B19A6DF417671DF00026D06C /* Default@2x.png */ = {isa = PBXFileReference; lastKnownFileType = image.png; path = "Default@2x.png"; sourceTree = "<group>"; };
		B19A6DF617671DF00026D06C /* Default-568h@2x.png */ = {isa = PBXFileReference; lastKnownFileType = image.png; path = "Default-568h@2x.png"; sourceTree = "<group>"; };
		B19A6DF917671DF00026D06C /* en */ = {isa = PBXFileReference; lastKnownFileType = file.storyboard; name = en; path = en.lproj/MainStoryboard.storyboard; sourceTree = "<group>"; };
		B19A6DFB17671DF00026D06C /* ViewController.h */ = {isa = PBXFileReference; lastKnownFileType = sourcecode.c.h; path = ViewController.h; sourceTree = "<group>"; };
		B19A6DFC17671DF00026D06C /* ViewController.m */ = {isa = PBXFileReference; lastKnownFileType = sourcecode.c.objc; path = ViewController.m; sourceTree = "<group>"; };
		B19A6E0317671DF00026D06C /* HuisgenotenTests.octest */ = {isa = PBXFileReference; explicitFileType = wrapper.cfbundle; includeInIndex = 0; path = HuisgenotenTests.octest; sourceTree = BUILT_PRODUCTS_DIR; };
		B19A6E0417671DF00026D06C /* SenTestingKit.framework */ = {isa = PBXFileReference; lastKnownFileType = wrapper.framework; name = SenTestingKit.framework; path = Library/Frameworks/SenTestingKit.framework; sourceTree = DEVELOPER_DIR; };
		B19A6E0C17671DF00026D06C /* HuisgenotenTests-Info.plist */ = {isa = PBXFileReference; lastKnownFileType = text.plist.xml; path = "HuisgenotenTests-Info.plist"; sourceTree = "<group>"; };
		B19A6E0E17671DF00026D06C /* en */ = {isa = PBXFileReference; lastKnownFileType = text.plist.strings; name = en; path = en.lproj/InfoPlist.strings; sourceTree = "<group>"; };
		B19A6E1017671DF00026D06C /* HuisgenotenTests.h */ = {isa = PBXFileReference; lastKnownFileType = sourcecode.c.h; path = HuisgenotenTests.h; sourceTree = "<group>"; };
		B19A6E1117671DF00026D06C /* HuisgenotenTests.m */ = {isa = PBXFileReference; lastKnownFileType = sourcecode.c.objc; path = HuisgenotenTests.m; sourceTree = "<group>"; };
		B1BF484917674EC20046BD19 /* calendarViewController.h */ = {isa = PBXFileReference; fileEncoding = 4; lastKnownFileType = sourcecode.c.h; path = calendarViewController.h; sourceTree = "<group>"; };
		B1BF484A17674EC20046BD19 /* calendarViewController.m */ = {isa = PBXFileReference; fileEncoding = 4; lastKnownFileType = sourcecode.c.objc; path = calendarViewController.m; sourceTree = "<group>"; };
		B1BF484C176750300046BD19 /* shoppinglistViewController.h */ = {isa = PBXFileReference; fileEncoding = 4; lastKnownFileType = sourcecode.c.h; path = shoppinglistViewController.h; sourceTree = "<group>"; };
		B1BF484D176750300046BD19 /* shoppinglistViewController.m */ = {isa = PBXFileReference; fileEncoding = 4; lastKnownFileType = sourcecode.c.objc; path = shoppinglistViewController.m; sourceTree = "<group>"; };
		B1BF484F176750800046BD19 /* roommatesViewController.h */ = {isa = PBXFileReference; fileEncoding = 4; lastKnownFileType = sourcecode.c.h; path = roommatesViewController.h; sourceTree = "<group>"; };
		B1BF4850176750800046BD19 /* roommatesViewController.m */ = {isa = PBXFileReference; fileEncoding = 4; lastKnownFileType = sourcecode.c.objc; path = roommatesViewController.m; sourceTree = "<group>"; };
		B1BF4852176750DC0046BD19 /* financesViewController.h */ = {isa = PBXFileReference; fileEncoding = 4; lastKnownFileType = sourcecode.c.h; path = financesViewController.h; sourceTree = "<group>"; };
		B1BF4853176750DC0046BD19 /* financesViewController.m */ = {isa = PBXFileReference; fileEncoding = 4; lastKnownFileType = sourcecode.c.objc; path = financesViewController.m; sourceTree = "<group>"; };
/* End PBXFileReference section */

/* Begin PBXFrameworksBuildPhase section */
		B19A6DDA17671DF00026D06C /* Frameworks */ = {
			isa = PBXFrameworksBuildPhase;
			buildActionMask = 2147483647;
			files = (
				49EB987F176B51A2009B2627 /* EventKit.framework in Frameworks */,
				49EB9880176B51A2009B2627 /* EventKitUI.framework in Frameworks */,
				B19A6DE117671DF00026D06C /* UIKit.framework in Frameworks */,
				B19A6DE317671DF00026D06C /* Foundation.framework in Frameworks */,
				B19A6DE517671DF00026D06C /* CoreGraphics.framework in Frameworks */,
			);
			runOnlyForDeploymentPostprocessing = 0;
		};
		B19A6DFF17671DF00026D06C /* Frameworks */ = {
			isa = PBXFrameworksBuildPhase;
			buildActionMask = 2147483647;
			files = (
				B19A6E0517671DF00026D06C /* SenTestingKit.framework in Frameworks */,
				B19A6E0617671DF00026D06C /* UIKit.framework in Frameworks */,
				B19A6E0717671DF00026D06C /* Foundation.framework in Frameworks */,
			);
			runOnlyForDeploymentPostprocessing = 0;
		};
/* End PBXFrameworksBuildPhase section */

/* Begin PBXGroup section */
		49EB9830176A1CF6009B2627 /* CalendarKit */ = {
			isa = PBXGroup;
			children = (
				49EB9831176A1CF6009B2627 /* CalendarKit.h */,
				49EB9832176A1CF6009B2627 /* Categories */,
				49EB9851176A1CF6009B2627 /* Core */,
				49EB985C176A1CF6009B2627 /* Headers */,
				49EB9863176A1CF6009B2627 /* View Controllers */,
			);
			name = CalendarKit;
			path = "../../../MBCalendarKit-master/MBCalendarKit/CalendarKit";
			sourceTree = "<group>";
		};
		49EB9832176A1CF6009B2627 /* Categories */ = {
			isa = PBXGroup;
			children = (
				49EB9833176A1CF6009B2627 /* Foundation */,
				49EB9849176A1CF6009B2627 /* UIKit */,
			);
			path = Categories;
			sourceTree = "<group>";
		};
		49EB9833176A1CF6009B2627 /* Foundation */ = {
			isa = PBXGroup;
			children = (
				49EB9834176A1CF6009B2627 /* NSCalendar */,
				49EB983F176A1CF6009B2627 /* NSCalendarCategories.h */,
				49EB9840176A1CF6009B2627 /* NSDate */,
				49EB9845176A1CF6009B2627 /* NSDateComponents+AllComponents.h */,
				49EB9846176A1CF6009B2627 /* NSDateComponents+AllComponents.m */,
				49EB9847176A1CF6009B2627 /* NSString+Color.h */,
				49EB9848176A1CF6009B2627 /* NSString+Color.m */,
			);
			path = Foundation;
			sourceTree = "<group>";
		};
		49EB9834176A1CF6009B2627 /* NSCalendar */ = {
			isa = PBXGroup;
			children = (
				49EB9835176A1CF6009B2627 /* NSCalendar+Components.h */,
				49EB9836176A1CF6009B2627 /* NSCalendar+Components.m */,
				49EB9837176A1CF6009B2627 /* NSCalendar+DateComparison.h */,
				49EB9838176A1CF6009B2627 /* NSCalendar+DateComparison.m */,
				49EB9839176A1CF6009B2627 /* NSCalendar+DateManipulation.h */,
				49EB983A176A1CF6009B2627 /* NSCalendar+DateManipulation.m */,
				49EB983B176A1CF6009B2627 /* NSCalendar+Juncture.h */,
				49EB983C176A1CF6009B2627 /* NSCalendar+Juncture.m */,
				49EB983D176A1CF6009B2627 /* NSCalendar+Ranges.h */,
				49EB983E176A1CF6009B2627 /* NSCalendar+Ranges.m */,
			);
			path = NSCalendar;
			sourceTree = "<group>";
		};
		49EB9840176A1CF6009B2627 /* NSDate */ = {
			isa = PBXGroup;
			children = (
				49EB9841176A1CF6009B2627 /* NSDate+Components.h */,
				49EB9842176A1CF6009B2627 /* NSDate+Components.m */,
				49EB9843176A1CF6009B2627 /* NSDate+Description.h */,
				49EB9844176A1CF6009B2627 /* NSDate+Description.m */,
			);
			path = NSDate;
			sourceTree = "<group>";
		};
		49EB9849176A1CF6009B2627 /* UIKit */ = {
			isa = PBXGroup;
			children = (
				49EB984A176A1CF6009B2627 /* UIColor+HexString.h */,
				49EB984B176A1CF6009B2627 /* UIColor+HexString.m */,
				49EB984C176A1CF6009B2627 /* UIView */,
			);
			path = UIKit;
			sourceTree = "<group>";
		};
		49EB984C176A1CF6009B2627 /* UIView */ = {
			isa = PBXGroup;
			children = (
				49EB984D176A1CF6009B2627 /* UIView+AnimatedFrame.h */,
				49EB984E176A1CF6009B2627 /* UIView+AnimatedFrame.m */,
				49EB984F176A1CF6009B2627 /* UIView+Border.h */,
				49EB9850176A1CF6009B2627 /* UIView+Border.m */,
			);
			path = UIView;
			sourceTree = "<group>";
		};
		49EB9851176A1CF6009B2627 /* Core */ = {
			isa = PBXGroup;
			children = (
				49EB9852176A1CF6009B2627 /* CKCalendarCell.h */,
				49EB9853176A1CF6009B2627 /* CKCalendarCell.m */,
				49EB9854176A1CF6009B2627 /* CKCalendarEvent.h */,
				49EB9855176A1CF6009B2627 /* CKCalendarEvent.m */,
				49EB9856176A1CF6009B2627 /* CKCalendarHeaderView.h */,
				49EB9857176A1CF6009B2627 /* CKCalendarHeaderView.m */,
				49EB9858176A1CF6009B2627 /* CKCalendarView.h */,
				49EB9859176A1CF6009B2627 /* CKCalendarView.m */,
				49EB985A176A1CF6009B2627 /* MBPolygonView.h */,
				49EB985B176A1CF6009B2627 /* MBPolygonView.m */,
			);
			path = Core;
			sourceTree = "<group>";
		};
		49EB985C176A1CF6009B2627 /* Headers */ = {
			isa = PBXGroup;
			children = (
				49EB985D176A1CF6009B2627 /* CKCalendarCellColors.h */,
				49EB985E176A1CF6009B2627 /* CKCalendarDataSource.h */,
				49EB985F176A1CF6009B2627 /* CKCalendarDelegate.h */,
				49EB9860176A1CF6009B2627 /* CKCalendarHeaderColors.h */,
				49EB9861176A1CF6009B2627 /* CKCalendarMonthCellStates.h */,
				49EB9862176A1CF6009B2627 /* CKCalendarViewModes.h */,
			);
			path = Headers;
			sourceTree = "<group>";
		};
		49EB9863176A1CF6009B2627 /* View Controllers */ = {
			isa = PBXGroup;
			children = (
				49EB9864176A1CF6009B2627 /* CKCalendarViewController.h */,
				49EB9865176A1CF6009B2627 /* CKCalendarViewController.m */,
				49EB9866176A1CF6009B2627 /* CKCalendarViewControllerInternal.h */,
				49EB9867176A1CF6009B2627 /* CKCalendarViewControllerInternal.m */,
			);
			path = "View Controllers";
			sourceTree = "<group>";
		};
		B12EBBE11767A03200A68C17 /* View */ = {
			isa = PBXGroup;
			children = (
				B19A6DF817671DF00026D06C /* MainStoryboard.storyboard */,
			);
			name = View;
			sourceTree = "<group>";
		};
		B12EBBE21767A03F00A68C17 /* Controllers */ = {
			isa = PBXGroup;
			children = (
				49EB9881176B5DC0009B2627 /* alarmsViewController.h */,
				49EB9882176B5DC0009B2627 /* alarmsViewController.m */,
				49EB9889176C7140009B2627 /* AlarmDetailViewController.h */,
				49EB988A176C7140009B2627 /* AlarmDetailViewController.m */,
				49756A73176DE96200DF090E /* AllAlarmsViewController.h */,
				49756A74176DE96200DF090E /* AllAlarmsViewController.m */,
				49756A7F176DF85700DF090E /* ListDetailViewController.h */,
				49756A80176DF85700DF090E /* ListDetailViewController.m */,
				B1BF4852176750DC0046BD19 /* financesViewController.h */,
				B1BF4853176750DC0046BD19 /* financesViewController.m */,
				B1BF484F176750800046BD19 /* roommatesViewController.h */,
				B1BF4850176750800046BD19 /* roommatesViewController.m */,
				B1BF484C176750300046BD19 /* shoppinglistViewController.h */,
				B1BF484D176750300046BD19 /* shoppinglistViewController.m */,
				B1BF484917674EC20046BD19 /* calendarViewController.h */,
				B1BF484A17674EC20046BD19 /* calendarViewController.m */,
				B19A6DFB17671DF00026D06C /* ViewController.h */,
				B19A6DFC17671DF00026D06C /* ViewController.m */,
				B12EBBE51767B33400A68C17 /* facebookViewController.h */,
				B12EBBE61767B33400A68C17 /* facebookViewController.m */,
				49EB97671769E5CB009B2627 /* alertsViewController.h */,
				49EB97681769E5CB009B2627 /* alertsViewController.m */,
			);
			name = Controllers;
			sourceTree = "<group>";
		};
		B12EBBE41767A05C00A68C17 /* Models */ = {
			isa = PBXGroup;
			children = (
				49EB9885176B9474009B2627 /* AlarmItem.h */,
				49EB9886176B9474009B2627 /* AlarmItem.m */,
				49756A77176DED3200DF090E /* Alarm.h */,
				49756A78176DED3200DF090E /* Alarm.m */,
				49EB976A1769E641009B2627 /* Alarms.h */,
				49EB976B1769E641009B2627 /* Alarms.m */,
				49756A83176E44BF00DF090E /* AlarmsDataModel.h */,
				49756A84176E44BF00DF090E /* AlarmsDataModel.m */,
				B12EBBD217679FCE00A68C17 /* Roommates.h */,
				B12EBBD317679FCE00A68C17 /* Roommates.m */,
				B12EBBD817679FF300A68C17 /* Alerts.h */,
				B12EBBD917679FF300A68C17 /* Alerts.m */,
				B12EBBCF17679FB100A68C17 /* Calendar.h */,
				B12EBBD017679FB100A68C17 /* Calendar.m */,
				B12EBBDE1767A00B00A68C17 /* Shoppinglist.h */,
				B12EBBDF1767A00B00A68C17 /* Shoppinglist.m */,
				B12EBBD517679FE800A68C17 /* Finances.h */,
				B12EBBD617679FE800A68C17 /* Finances.m */,
				B12EBBE81767B36000A68C17 /* Login.h */,
				B12EBBE91767B36000A68C17 /* Login.m */,
			);
			name = Models;
			sourceTree = "<group>";
		};
		B19A6DD417671DF00026D06C = {
			isa = PBXGroup;
			children = (
				B19A6DE617671DF00026D06C /* Huisgenoten */,
				B19A6E0A17671DF00026D06C /* HuisgenotenTests */,
				B19A6DDF17671DF00026D06C /* Frameworks */,
				B19A6DDE17671DF00026D06C /* Products */,
			);
			sourceTree = "<group>";
		};
		B19A6DDE17671DF00026D06C /* Products */ = {
			isa = PBXGroup;
			children = (
				B19A6DDD17671DF00026D06C /* Huisgenoten.app */,
				B19A6E0317671DF00026D06C /* HuisgenotenTests.octest */,
			);
			name = Products;
			sourceTree = "<group>";
		};
		B19A6DDF17671DF00026D06C /* Frameworks */ = {
			isa = PBXGroup;
			children = (
				49EB987D176B51A2009B2627 /* EventKit.framework */,
				49EB987E176B51A2009B2627 /* EventKitUI.framework */,
				B19A6DE017671DF00026D06C /* UIKit.framework */,
				B19A6DE217671DF00026D06C /* Foundation.framework */,
				B19A6DE417671DF00026D06C /* CoreGraphics.framework */,
				B19A6E0417671DF00026D06C /* SenTestingKit.framework */,
			);
			name = Frameworks;
			sourceTree = "<group>";
		};
		B19A6DE617671DF00026D06C /* Huisgenoten */ = {
			isa = PBXGroup;
			children = (
				49EB9830176A1CF6009B2627 /* CalendarKit */,
				B19A6DEF17671DF00026D06C /* AppDelegate.h */,
				B19A6DF017671DF00026D06C /* AppDelegate.m */,
				B12EBBE41767A05C00A68C17 /* Models */,
				B12EBBE11767A03200A68C17 /* View */,
				B12EBBE21767A03F00A68C17 /* Controllers */,
				B19A6DE717671DF00026D06C /* Supporting Files */,
			);
			path = Huisgenoten;
			sourceTree = "<group>";
		};
		B19A6DE717671DF00026D06C /* Supporting Files */ = {
			isa = PBXGroup;
			children = (
				B19A6DE817671DF00026D06C /* Huisgenoten-Info.plist */,
				B19A6DE917671DF00026D06C /* InfoPlist.strings */,
				B19A6DEC17671DF00026D06C /* main.m */,
				B19A6DEE17671DF00026D06C /* Huisgenoten-Prefix.pch */,
				B19A6DF217671DF00026D06C /* Default.png */,
				B19A6DF417671DF00026D06C /* Default@2x.png */,
				B19A6DF617671DF00026D06C /* Default-568h@2x.png */,
			);
			name = "Supporting Files";
			sourceTree = "<group>";
		};
		B19A6E0A17671DF00026D06C /* HuisgenotenTests */ = {
			isa = PBXGroup;
			children = (
				B19A6E1017671DF00026D06C /* HuisgenotenTests.h */,
				B19A6E1117671DF00026D06C /* HuisgenotenTests.m */,
				B19A6E0B17671DF00026D06C /* Supporting Files */,
			);
			path = HuisgenotenTests;
			sourceTree = "<group>";
		};
		B19A6E0B17671DF00026D06C /* Supporting Files */ = {
			isa = PBXGroup;
			children = (
				B19A6E0C17671DF00026D06C /* HuisgenotenTests-Info.plist */,
				B19A6E0D17671DF00026D06C /* InfoPlist.strings */,
			);
			name = "Supporting Files";
			sourceTree = "<group>";
		};
/* End PBXGroup section */

/* Begin PBXNativeTarget section */
		B19A6DDC17671DF00026D06C /* Huisgenoten */ = {
			isa = PBXNativeTarget;
			buildConfigurationList = B19A6E1517671DF00026D06C /* Build configuration list for PBXNativeTarget "Huisgenoten" */;
			buildPhases = (
				B19A6DD917671DF00026D06C /* Sources */,
				B19A6DDA17671DF00026D06C /* Frameworks */,
				B19A6DDB17671DF00026D06C /* Resources */,
			);
			buildRules = (
			);
			dependencies = (
			);
			name = Huisgenoten;
			productName = Huisgenoten;
			productReference = B19A6DDD17671DF00026D06C /* Huisgenoten.app */;
			productType = "com.apple.product-type.application";
		};
		B19A6E0217671DF00026D06C /* HuisgenotenTests */ = {
			isa = PBXNativeTarget;
			buildConfigurationList = B19A6E1817671DF00026D06C /* Build configuration list for PBXNativeTarget "HuisgenotenTests" */;
			buildPhases = (
				B19A6DFE17671DF00026D06C /* Sources */,
				B19A6DFF17671DF00026D06C /* Frameworks */,
				B19A6E0017671DF00026D06C /* Resources */,
				B19A6E0117671DF00026D06C /* ShellScript */,
			);
			buildRules = (
			);
			dependencies = (
				B19A6E0917671DF00026D06C /* PBXTargetDependency */,
			);
			name = HuisgenotenTests;
			productName = HuisgenotenTests;
			productReference = B19A6E0317671DF00026D06C /* HuisgenotenTests.octest */;
			productType = "com.apple.product-type.bundle";
		};
/* End PBXNativeTarget section */

/* Begin PBXProject section */
		B19A6DD517671DF00026D06C /* Project object */ = {
			isa = PBXProject;
			attributes = {
				LastUpgradeCheck = 0460;
			};
			buildConfigurationList = B19A6DD817671DF00026D06C /* Build configuration list for PBXProject "Huisgenoten" */;
			compatibilityVersion = "Xcode 3.2";
			developmentRegion = English;
			hasScannedForEncodings = 0;
			knownRegions = (
				en,
			);
			mainGroup = B19A6DD417671DF00026D06C;
			productRefGroup = B19A6DDE17671DF00026D06C /* Products */;
			projectDirPath = "";
			projectRoot = "";
			targets = (
				B19A6DDC17671DF00026D06C /* Huisgenoten */,
				B19A6E0217671DF00026D06C /* HuisgenotenTests */,
			);
		};
/* End PBXProject section */

/* Begin PBXResourcesBuildPhase section */
		B19A6DDB17671DF00026D06C /* Resources */ = {
			isa = PBXResourcesBuildPhase;
			buildActionMask = 2147483647;
			files = (
				B19A6DEB17671DF00026D06C /* InfoPlist.strings in Resources */,
				B19A6DF317671DF00026D06C /* Default.png in Resources */,
				B19A6DF517671DF00026D06C /* Default@2x.png in Resources */,
				B19A6DF717671DF00026D06C /* Default-568h@2x.png in Resources */,
				B19A6DFA17671DF00026D06C /* MainStoryboard.storyboard in Resources */,
			);
			runOnlyForDeploymentPostprocessing = 0;
		};
		B19A6E0017671DF00026D06C /* Resources */ = {
			isa = PBXResourcesBuildPhase;
			buildActionMask = 2147483647;
			files = (
				B19A6E0F17671DF00026D06C /* InfoPlist.strings in Resources */,
			);
			runOnlyForDeploymentPostprocessing = 0;
		};
/* End PBXResourcesBuildPhase section */

/* Begin PBXShellScriptBuildPhase section */
		B19A6E0117671DF00026D06C /* ShellScript */ = {
			isa = PBXShellScriptBuildPhase;
			buildActionMask = 2147483647;
			files = (
			);
			inputPaths = (
			);
			outputPaths = (
			);
			runOnlyForDeploymentPostprocessing = 0;
			shellPath = /bin/sh;
			shellScript = "# Run the unit tests in this test bundle.\n\"${SYSTEM_DEVELOPER_DIR}/Tools/RunUnitTests\"\n";
		};
/* End PBXShellScriptBuildPhase section */

/* Begin PBXSourcesBuildPhase section */
		B19A6DD917671DF00026D06C /* Sources */ = {
			isa = PBXSourcesBuildPhase;
			buildActionMask = 2147483647;
			files = (
				B19A6DED17671DF00026D06C /* main.m in Sources */,
				B19A6DF117671DF00026D06C /* AppDelegate.m in Sources */,
				B19A6DFD17671DF00026D06C /* ViewController.m in Sources */,
				B1BF484B17674EC20046BD19 /* calendarViewController.m in Sources */,
				B1BF484E176750300046BD19 /* shoppinglistViewController.m in Sources */,
				B1BF4851176750800046BD19 /* roommatesViewController.m in Sources */,
				B1BF4854176750DD0046BD19 /* financesViewController.m in Sources */,
				B12EBBD117679FB100A68C17 /* Calendar.m in Sources */,
				B12EBBD417679FCE00A68C17 /* Roommates.m in Sources */,
				B12EBBD717679FE800A68C17 /* Finances.m in Sources */,
				B12EBBDA17679FF300A68C17 /* Alerts.m in Sources */,
				B12EBBE01767A00B00A68C17 /* Shoppinglist.m in Sources */,
				B12EBBE71767B33500A68C17 /* facebookViewController.m in Sources */,
				B12EBBEA1767B36000A68C17 /* Login.m in Sources */,
				49EB97691769E5CB009B2627 /* alertsViewController.m in Sources */,
				49EB976C1769E641009B2627 /* Alarms.m in Sources */,
				49EB9868176A1CF6009B2627 /* NSCalendar+Components.m in Sources */,
				49EB9869176A1CF6009B2627 /* NSCalendar+DateComparison.m in Sources */,
				49EB986A176A1CF6009B2627 /* NSCalendar+DateManipulation.m in Sources */,
				49EB986B176A1CF6009B2627 /* NSCalendar+Juncture.m in Sources */,
				49EB986C176A1CF6009B2627 /* NSCalendar+Ranges.m in Sources */,
				49EB986D176A1CF6009B2627 /* NSDate+Components.m in Sources */,
				49EB986E176A1CF6009B2627 /* NSDate+Description.m in Sources */,
				49EB986F176A1CF6009B2627 /* NSDateComponents+AllComponents.m in Sources */,
				49EB9870176A1CF6009B2627 /* NSString+Color.m in Sources */,
				49EB9871176A1CF6009B2627 /* UIColor+HexString.m in Sources */,
				49EB9872176A1CF6009B2627 /* UIView+AnimatedFrame.m in Sources */,
				49EB9873176A1CF6009B2627 /* UIView+Border.m in Sources */,
				49EB9874176A1CF6009B2627 /* CKCalendarCell.m in Sources */,
				49EB9875176A1CF6009B2627 /* CKCalendarEvent.m in Sources */,
				49EB9876176A1CF6009B2627 /* CKCalendarHeaderView.m in Sources */,
				49EB9877176A1CF6009B2627 /* CKCalendarView.m in Sources */,
				49EB9878176A1CF6009B2627 /* MBPolygonView.m in Sources */,
				49EB9879176A1CF6009B2627 /* CKCalendarViewController.m in Sources */,
				49EB987A176A1CF6009B2627 /* CKCalendarViewControllerInternal.m in Sources */,
				49EB9883176B5DC0009B2627 /* alarmsViewController.m in Sources */,
				49EB9887176B9474009B2627 /* AlarmItem.m in Sources */,
				49EB988B176C7140009B2627 /* AlarmDetailViewController.m in Sources */,
				49756A75176DE96200DF090E /* AllAlarmsViewController.m in Sources */,
				49756A79176DED3200DF090E /* Alarm.m in Sources */,
				49756A81176DF85700DF090E /* ListDetailViewController.m in Sources */,
				49756A85176E44BF00DF090E /* AlarmsDataModel.m in Sources */,
			);
			runOnlyForDeploymentPostprocessing = 0;
		};
		B19A6DFE17671DF00026D06C /* Sources */ = {
			isa = PBXSourcesBuildPhase;
			buildActionMask = 2147483647;
			files = (
				B19A6E1217671DF00026D06C /* HuisgenotenTests.m in Sources */,
				49EB9884176B5DC0009B2627 /* alarmsViewController.m in Sources */,
				49EB9888176B9474009B2627 /* AlarmItem.m in Sources */,
				49EB988C176C7140009B2627 /* AlarmDetailViewController.m in Sources */,
				49756A76176DE96200DF090E /* AllAlarmsViewController.m in Sources */,
				49756A7A176DED3200DF090E /* Alarm.m in Sources */,
				49756A82176DF85700DF090E /* ListDetailViewController.m in Sources */,
				49756A86176E44BF00DF090E /* AlarmsDataModel.m in Sources */,
			);
			runOnlyForDeploymentPostprocessing = 0;
		};
/* End PBXSourcesBuildPhase section */

/* Begin PBXTargetDependency section */
		B19A6E0917671DF00026D06C /* PBXTargetDependency */ = {
			isa = PBXTargetDependency;
			target = B19A6DDC17671DF00026D06C /* Huisgenoten */;
			targetProxy = B19A6E0817671DF00026D06C /* PBXContainerItemProxy */;
		};
/* End PBXTargetDependency section */

/* Begin PBXVariantGroup section */
		B19A6DE917671DF00026D06C /* InfoPlist.strings */ = {
			isa = PBXVariantGroup;
			children = (
				B19A6DEA17671DF00026D06C /* en */,
			);
			name = InfoPlist.strings;
			sourceTree = "<group>";
		};
		B19A6DF817671DF00026D06C /* MainStoryboard.storyboard */ = {
			isa = PBXVariantGroup;
			children = (
				B19A6DF917671DF00026D06C /* en */,
			);
			name = MainStoryboard.storyboard;
			sourceTree = "<group>";
		};
		B19A6E0D17671DF00026D06C /* InfoPlist.strings */ = {
			isa = PBXVariantGroup;
			children = (
				B19A6E0E17671DF00026D06C /* en */,
			);
			name = InfoPlist.strings;
			sourceTree = "<group>";
		};
/* End PBXVariantGroup section */

/* Begin XCBuildConfiguration section */
		B19A6E1317671DF00026D06C /* Debug */ = {
			isa = XCBuildConfiguration;
			buildSettings = {
				ALWAYS_SEARCH_USER_PATHS = NO;
				CLANG_CXX_LANGUAGE_STANDARD = "gnu++0x";
				CLANG_CXX_LIBRARY = "libc++";
				CLANG_ENABLE_OBJC_ARC = YES;
				CLANG_WARN_CONSTANT_CONVERSION = YES;
				CLANG_WARN_EMPTY_BODY = YES;
				CLANG_WARN_ENUM_CONVERSION = YES;
				CLANG_WARN_INT_CONVERSION = YES;
				CLANG_WARN__DUPLICATE_METHOD_MATCH = YES;
				"CODE_SIGN_IDENTITY[sdk=iphoneos*]" = "iPhone Developer";
				COPY_PHASE_STRIP = NO;
				GCC_C_LANGUAGE_STANDARD = gnu99;
				GCC_DYNAMIC_NO_PIC = NO;
				GCC_OPTIMIZATION_LEVEL = 0;
				GCC_PREPROCESSOR_DEFINITIONS = (
					"DEBUG=1",
					"$(inherited)",
				);
				GCC_SYMBOLS_PRIVATE_EXTERN = NO;
				GCC_WARN_ABOUT_RETURN_TYPE = YES;
				GCC_WARN_UNINITIALIZED_AUTOS = YES;
				GCC_WARN_UNUSED_VARIABLE = YES;
				IPHONEOS_DEPLOYMENT_TARGET = 6.1;
				ONLY_ACTIVE_ARCH = YES;
				SDKROOT = iphoneos;
			};
			name = Debug;
		};
		B19A6E1417671DF00026D06C /* Release */ = {
			isa = XCBuildConfiguration;
			buildSettings = {
				ALWAYS_SEARCH_USER_PATHS = NO;
				CLANG_CXX_LANGUAGE_STANDARD = "gnu++0x";
				CLANG_CXX_LIBRARY = "libc++";
				CLANG_ENABLE_OBJC_ARC = YES;
				CLANG_WARN_CONSTANT_CONVERSION = YES;
				CLANG_WARN_EMPTY_BODY = YES;
				CLANG_WARN_ENUM_CONVERSION = YES;
				CLANG_WARN_INT_CONVERSION = YES;
				CLANG_WARN__DUPLICATE_METHOD_MATCH = YES;
				"CODE_SIGN_IDENTITY[sdk=iphoneos*]" = "iPhone Developer";
				COPY_PHASE_STRIP = YES;
				GCC_C_LANGUAGE_STANDARD = gnu99;
				GCC_WARN_ABOUT_RETURN_TYPE = YES;
				GCC_WARN_UNINITIALIZED_AUTOS = YES;
				GCC_WARN_UNUSED_VARIABLE = YES;
				IPHONEOS_DEPLOYMENT_TARGET = 6.1;
				OTHER_CFLAGS = "-DNS_BLOCK_ASSERTIONS=1";
				SDKROOT = iphoneos;
				VALIDATE_PRODUCT = YES;
			};
			name = Release;
		};
		B19A6E1617671DF00026D06C /* Debug */ = {
			isa = XCBuildConfiguration;
			buildSettings = {
				GCC_PRECOMPILE_PREFIX_HEADER = YES;
				GCC_PREFIX_HEADER = "Huisgenoten/Huisgenoten-Prefix.pch";
				INFOPLIST_FILE = "Huisgenoten/Huisgenoten-Info.plist";
				PRODUCT_NAME = "$(TARGET_NAME)";
				WRAPPER_EXTENSION = app;
			};
			name = Debug;
		};
		B19A6E1717671DF00026D06C /* Release */ = {
			isa = XCBuildConfiguration;
			buildSettings = {
				GCC_PRECOMPILE_PREFIX_HEADER = YES;
				GCC_PREFIX_HEADER = "Huisgenoten/Huisgenoten-Prefix.pch";
				INFOPLIST_FILE = "Huisgenoten/Huisgenoten-Info.plist";
				PRODUCT_NAME = "$(TARGET_NAME)";
				WRAPPER_EXTENSION = app;
			};
			name = Release;
		};
		B19A6E1917671DF00026D06C /* Debug */ = {
			isa = XCBuildConfiguration;
			buildSettings = {
				BUNDLE_LOADER = "$(BUILT_PRODUCTS_DIR)/Huisgenoten.app/Huisgenoten";
				FRAMEWORK_SEARCH_PATHS = (
					"\"$(SDKROOT)/Developer/Library/Frameworks\"",
					"\"$(DEVELOPER_LIBRARY_DIR)/Frameworks\"",
				);
				GCC_PRECOMPILE_PREFIX_HEADER = YES;
				GCC_PREFIX_HEADER = "Huisgenoten/Huisgenoten-Prefix.pch";
				INFOPLIST_FILE = "HuisgenotenTests/HuisgenotenTests-Info.plist";
				PRODUCT_NAME = "$(TARGET_NAME)";
				TEST_HOST = "$(BUNDLE_LOADER)";
				WRAPPER_EXTENSION = octest;
			};
			name = Debug;
		};
		B19A6E1A17671DF00026D06C /* Release */ = {
			isa = XCBuildConfiguration;
			buildSettings = {
				BUNDLE_LOADER = "$(BUILT_PRODUCTS_DIR)/Huisgenoten.app/Huisgenoten";
				FRAMEWORK_SEARCH_PATHS = (
					"\"$(SDKROOT)/Developer/Library/Frameworks\"",
					"\"$(DEVELOPER_LIBRARY_DIR)/Frameworks\"",
				);
				GCC_PRECOMPILE_PREFIX_HEADER = YES;
				GCC_PREFIX_HEADER = "Huisgenoten/Huisgenoten-Prefix.pch";
				INFOPLIST_FILE = "HuisgenotenTests/HuisgenotenTests-Info.plist";
				PRODUCT_NAME = "$(TARGET_NAME)";
				TEST_HOST = "$(BUNDLE_LOADER)";
				WRAPPER_EXTENSION = octest;
			};
			name = Release;
		};
/* End XCBuildConfiguration section */

/* Begin XCConfigurationList section */
		B19A6DD817671DF00026D06C /* Build configuration list for PBXProject "Huisgenoten" */ = {
			isa = XCConfigurationList;
			buildConfigurations = (
				B19A6E1317671DF00026D06C /* Debug */,
				B19A6E1417671DF00026D06C /* Release */,
			);
			defaultConfigurationIsVisible = 0;
			defaultConfigurationName = Release;
		};
		B19A6E1517671DF00026D06C /* Build configuration list for PBXNativeTarget "Huisgenoten" */ = {
			isa = XCConfigurationList;
			buildConfigurations = (
				B19A6E1617671DF00026D06C /* Debug */,
				B19A6E1717671DF00026D06C /* Release */,
			);
			defaultConfigurationIsVisible = 0;
			defaultConfigurationName = Release;
		};
		B19A6E1817671DF00026D06C /* Build configuration list for PBXNativeTarget "HuisgenotenTests" */ = {
			isa = XCConfigurationList;
			buildConfigurations = (
				B19A6E1917671DF00026D06C /* Debug */,
				B19A6E1A17671DF00026D06C /* Release */,
			);
			defaultConfigurationIsVisible = 0;
			defaultConfigurationName = Release;
		};
/* End XCConfigurationList section */
	};
	rootObject = B19A6DD517671DF00026D06C /* Project object */;
}
