// !$*UTF8*$!
{
	archiveVersion = 1;
	classes = {
	};
	objectVersion = 46;
	objects = {

/* Begin PBXBuildFile section */
		492A1551177085E80009BA44 /* AudioToolbox.framework in Frameworks */ = {isa = PBXBuildFile; fileRef = 492A1550177085E80009BA44 /* AudioToolbox.framework */; };
		492A1553177085EF0009BA44 /* CFNetwork.framework in Frameworks */ = {isa = PBXBuildFile; fileRef = 492A1552177085EF0009BA44 /* CFNetwork.framework */; };
		492A1555177086060009BA44 /* CoreLocation.framework in Frameworks */ = {isa = PBXBuildFile; fileRef = 492A1554177086060009BA44 /* CoreLocation.framework */; };
		492A1557177086140009BA44 /* libz.1.1.3.dylib in Frameworks */ = {isa = PBXBuildFile; fileRef = 492A1556177086140009BA44 /* libz.1.1.3.dylib */; };
		492A15591770861B0009BA44 /* MobileCoreServices.framework in Frameworks */ = {isa = PBXBuildFile; fileRef = 492A15581770861B0009BA44 /* MobileCoreServices.framework */; };
		492A155B177086230009BA44 /* QuartzCore.framework in Frameworks */ = {isa = PBXBuildFile; fileRef = 492A155A177086230009BA44 /* QuartzCore.framework */; };
		492A155D1770862A0009BA44 /* Security.framework in Frameworks */ = {isa = PBXBuildFile; fileRef = 492A155C1770862A0009BA44 /* Security.framework */; };
		492A155F177086330009BA44 /* StoreKit.framework in Frameworks */ = {isa = PBXBuildFile; fileRef = 492A155E177086330009BA44 /* StoreKit.framework */; };
		492A15611770863D0009BA44 /* SystemConfiguration.framework in Frameworks */ = {isa = PBXBuildFile; fileRef = 492A15601770863D0009BA44 /* SystemConfiguration.framework */; };
		492A159D1771E87A0009BA44 /* FacebookSDKResources.bundle in Resources */ = {isa = PBXBuildFile; fileRef = 492A159C1771E87A0009BA44 /* FacebookSDKResources.bundle */; };
		492A15A01771E89D0009BA44 /* Social.framework in Frameworks */ = {isa = PBXBuildFile; fileRef = 492A159F1771E89D0009BA44 /* Social.framework */; };
		492A15A21771E8A80009BA44 /* Accounts.framework in Frameworks */ = {isa = PBXBuildFile; fileRef = 492A15A11771E8A70009BA44 /* Accounts.framework */; };
		492A15A41771E8B70009BA44 /* libsqlite3.dylib in Frameworks */ = {isa = PBXBuildFile; fileRef = 492A15A31771E8B70009BA44 /* libsqlite3.dylib */; };
		492A15A61771E8C50009BA44 /* AdSupport.framework in Frameworks */ = {isa = PBXBuildFile; fileRef = 492A15A51771E8C50009BA44 /* AdSupport.framework */; };
		49756A75176DE96200DF090E /* AllAlarmsViewController.m in Sources */ = {isa = PBXBuildFile; fileRef = 49756A74176DE96200DF090E /* AllAlarmsViewController.m */; };
		49756A79176DED3200DF090E /* Alarm.m in Sources */ = {isa = PBXBuildFile; fileRef = 49756A78176DED3200DF090E /* Alarm.m */; };
		49756A81176DF85700DF090E /* ListDetailViewController.m in Sources */ = {isa = PBXBuildFile; fileRef = 49756A80176DF85700DF090E /* ListDetailViewController.m */; };
		49756A85176E44BF00DF090E /* AlarmsDataModel.m in Sources */ = {isa = PBXBuildFile; fileRef = 49756A84176E44BF00DF090E /* AlarmsDataModel.m */; };
		497CE6E2177310C7003B7B4F /* Logo.png in Resources */ = {isa = PBXBuildFile; fileRef = 497CE6D2177310C7003B7B4F /* Logo.png */; };
		497CE6E5177310C7003B7B4F /* MainBG.png in Resources */ = {isa = PBXBuildFile; fileRef = 497CE6D5177310C7003B7B4F /* MainBG.png */; };
		49B5AF99176F3F8500BC2076 /* Afspraken.png in Resources */ = {isa = PBXBuildFile; fileRef = 49B5AF76176F3F8500BC2076 /* Afspraken.png */; };
		49B5AF9B176F3F8500BC2076 /* Afspraken@2x.png in Resources */ = {isa = PBXBuildFile; fileRef = 49B5AF77176F3F8500BC2076 /* Afspraken@2x.png */; };
		49B5AF9D176F3F8500BC2076 /* Verjaardagen.png in Resources */ = {isa = PBXBuildFile; fileRef = 49B5AF78176F3F8500BC2076 /* Verjaardagen.png */; };
		49B5AF9F176F3F8500BC2076 /* Verjaardagen@2x.png in Resources */ = {isa = PBXBuildFile; fileRef = 49B5AF79176F3F8500BC2076 /* Verjaardagen@2x.png */; };
		49B5AFA1176F3F8500BC2076 /* Klusjes.png in Resources */ = {isa = PBXBuildFile; fileRef = 49B5AF7A176F3F8500BC2076 /* Klusjes.png */; };
		49B5AFA3176F3F8500BC2076 /* Klusjes@2x.png in Resources */ = {isa = PBXBuildFile; fileRef = 49B5AF7B176F3F8500BC2076 /* Klusjes@2x.png */; };
		49B5AFA5176F3F8500BC2076 /* Feestjes.png in Resources */ = {isa = PBXBuildFile; fileRef = 49B5AF7C176F3F8500BC2076 /* Feestjes.png */; };
		49B5AFA7176F3F8500BC2076 /* Feestjes@2x.png in Resources */ = {isa = PBXBuildFile; fileRef = 49B5AF7D176F3F8500BC2076 /* Feestjes@2x.png */; };
		49B5AFA9176F3F8500BC2076 /* Folder.png in Resources */ = {isa = PBXBuildFile; fileRef = 49B5AF7E176F3F8500BC2076 /* Folder.png */; };
		49B5AFAB176F3F8500BC2076 /* Folder@2x.png in Resources */ = {isa = PBXBuildFile; fileRef = 49B5AF7F176F3F8500BC2076 /* Folder@2x.png */; };
		49B5AFB1176F3F8500BC2076 /* Inbox.png in Resources */ = {isa = PBXBuildFile; fileRef = 49B5AF82176F3F8500BC2076 /* Inbox.png */; };
		49B5AFB3176F3F8500BC2076 /* Inbox@2x.png in Resources */ = {isa = PBXBuildFile; fileRef = 49B5AF83176F3F8500BC2076 /* Inbox@2x.png */; };
		49B5AFB5176F3F8500BC2076 /* Geen Afbeelding.png in Resources */ = {isa = PBXBuildFile; fileRef = 49B5AF84176F3F8500BC2076 /* Geen Afbeelding.png */; };
		49B5AFB7176F3F8500BC2076 /* Geen Afbeelding@2x.png in Resources */ = {isa = PBXBuildFile; fileRef = 49B5AF85176F3F8500BC2076 /* Geen Afbeelding@2x.png */; };
		49B5AFB9176F3F8500BC2076 /* Foto's.png in Resources */ = {isa = PBXBuildFile; fileRef = 49B5AF86176F3F8500BC2076 /* Foto's.png */; };
		49B5AFBB176F3F8500BC2076 /* Foto's@2x.png in Resources */ = {isa = PBXBuildFile; fileRef = 49B5AF87176F3F8500BC2076 /* Foto's@2x.png */; };
		49B5AFBD176F3F8500BC2076 /* Uitjes.png in Resources */ = {isa = PBXBuildFile; fileRef = 49B5AF88176F3F8500BC2076 /* Uitjes.png */; };
		49B5AFBF176F3F8500BC2076 /* Uitjes@2x.png in Resources */ = {isa = PBXBuildFile; fileRef = 49B5AF89176F3F8500BC2076 /* Uitjes@2x.png */; };
		49B5AFDB176F411400BC2076 /* IconPickerViewController.m in Sources */ = {isa = PBXBuildFile; fileRef = 49B5AFDA176F411400BC2076 /* IconPickerViewController.m */; };
		49B5AFDF176F57A700BC2076 /* DatePickerViewController.m in Sources */ = {isa = PBXBuildFile; fileRef = 49B5AFDE176F57A700BC2076 /* DatePickerViewController.m */; };
		49EB987F176B51A2009B2627 /* EventKit.framework in Frameworks */ = {isa = PBXBuildFile; fileRef = 49EB987D176B51A2009B2627 /* EventKit.framework */; };
		49EB9880176B51A2009B2627 /* EventKitUI.framework in Frameworks */ = {isa = PBXBuildFile; fileRef = 49EB987E176B51A2009B2627 /* EventKitUI.framework */; };
		49EB9883176B5DC0009B2627 /* AlarmsViewController.m in Sources */ = {isa = PBXBuildFile; fileRef = 49EB9882176B5DC0009B2627 /* AlarmsViewController.m */; };
		49EB9887176B9474009B2627 /* AlarmItem.m in Sources */ = {isa = PBXBuildFile; fileRef = 49EB9886176B9474009B2627 /* AlarmItem.m */; };
		49EB988B176C7140009B2627 /* AlarmDetailViewController.m in Sources */ = {isa = PBXBuildFile; fileRef = 49EB988A176C7140009B2627 /* AlarmDetailViewController.m */; };
		B19A6DE117671DF00026D06C /* UIKit.framework in Frameworks */ = {isa = PBXBuildFile; fileRef = B19A6DE017671DF00026D06C /* UIKit.framework */; };
		B19A6DE317671DF00026D06C /* Foundation.framework in Frameworks */ = {isa = PBXBuildFile; fileRef = B19A6DE217671DF00026D06C /* Foundation.framework */; };
		B19A6DE517671DF00026D06C /* CoreGraphics.framework in Frameworks */ = {isa = PBXBuildFile; fileRef = B19A6DE417671DF00026D06C /* CoreGraphics.framework */; };
		B19A6DEB17671DF00026D06C /* InfoPlist.strings in Resources */ = {isa = PBXBuildFile; fileRef = B19A6DE917671DF00026D06C /* InfoPlist.strings */; };
		B19A6DED17671DF00026D06C /* main.m in Sources */ = {isa = PBXBuildFile; fileRef = B19A6DEC17671DF00026D06C /* main.m */; };
		B19A6DF117671DF00026D06C /* AppDelegate.m in Sources */ = {isa = PBXBuildFile; fileRef = B19A6DF017671DF00026D06C /* AppDelegate.m */; };
		B19A6DF317671DF00026D06C /* Default.png in Resources */ = {isa = PBXBuildFile; fileRef = B19A6DF217671DF00026D06C /* Default.png */; };
		B19A6DF517671DF00026D06C /* Default@2x.png in Resources */ = {isa = PBXBuildFile; fileRef = B19A6DF417671DF00026D06C /* Default@2x.png */; };
		B19A6DF717671DF00026D06C /* Default-568h@2x.png in Resources */ = {isa = PBXBuildFile; fileRef = B19A6DF617671DF00026D06C /* Default-568h@2x.png */; };
		B19A6DFA17671DF00026D06C /* MainStoryboard.storyboard in Resources */ = {isa = PBXBuildFile; fileRef = B19A6DF817671DF00026D06C /* MainStoryboard.storyboard */; };
		B19A6DFD17671DF00026D06C /* ViewController.m in Sources */ = {isa = PBXBuildFile; fileRef = B19A6DFC17671DF00026D06C /* ViewController.m */; };
		B1E113081779E12E001B22CE /* AddItemViewController.m in Sources */ = {isa = PBXBuildFile; fileRef = B1E113071779E12E001B22CE /* AddItemViewController.m */; };
		B1E1130B1779E17E001B22CE /* EditItemViewController.m in Sources */ = {isa = PBXBuildFile; fileRef = B1E1130A1779E17E001B22CE /* EditItemViewController.m */; };
		B1E1130E1779E18D001B22CE /* ShoppinglistViewController.m in Sources */ = {isa = PBXBuildFile; fileRef = B1E1130D1779E18D001B22CE /* ShoppinglistViewController.m */; };
		B1E113111779E1BD001B22CE /* FinancesViewController.m in Sources */ = {isa = PBXBuildFile; fileRef = B1E113101779E1BD001B22CE /* FinancesViewController.m */; };
		B1E113141779E1F1001B22CE /* Finances.m in Sources */ = {isa = PBXBuildFile; fileRef = B1E113131779E1F1001B22CE /* Finances.m */; };
		B1E113171779E210001B22CE /* Model.xcdatamodeld in Sources */ = {isa = PBXBuildFile; fileRef = B1E113151779E210001B22CE /* Model.xcdatamodeld */; };
		B1E113191779E2D9001B22CE /* CoreData.framework in Frameworks */ = {isa = PBXBuildFile; fileRef = B1E113181779E2D9001B22CE /* CoreData.framework */; };
		B1E11386177A1062001B22CE /* SenTestingKit.framework in Frameworks */ = {isa = PBXBuildFile; fileRef = B19A6E0417671DF00026D06C /* SenTestingKit.framework */; };
		B1E11387177A1062001B22CE /* UIKit.framework in Frameworks */ = {isa = PBXBuildFile; fileRef = B19A6DE017671DF00026D06C /* UIKit.framework */; };
		B1E11388177A1062001B22CE /* Foundation.framework in Frameworks */ = {isa = PBXBuildFile; fileRef = B19A6DE217671DF00026D06C /* Foundation.framework */; };
		B1E1138E177A1063001B22CE /* InfoPlist.strings in Resources */ = {isa = PBXBuildFile; fileRef = B1E1138C177A1063001B22CE /* InfoPlist.strings */; };
		B1E11391177A1063001B22CE /* Huisgenoten_ApplicationTests.m in Sources */ = {isa = PBXBuildFile; fileRef = B1E11390177A1063001B22CE /* Huisgenoten_ApplicationTests.m */; };
		B1E1139C177A1074001B22CE /* SenTestingKit.framework in Frameworks */ = {isa = PBXBuildFile; fileRef = B19A6E0417671DF00026D06C /* SenTestingKit.framework */; };
		B1E1139D177A1074001B22CE /* UIKit.framework in Frameworks */ = {isa = PBXBuildFile; fileRef = B19A6DE017671DF00026D06C /* UIKit.framework */; };
		B1E1139E177A1074001B22CE /* Foundation.framework in Frameworks */ = {isa = PBXBuildFile; fileRef = B19A6DE217671DF00026D06C /* Foundation.framework */; };
		B1E113A4177A1074001B22CE /* InfoPlist.strings in Resources */ = {isa = PBXBuildFile; fileRef = B1E113A2177A1074001B22CE /* InfoPlist.strings */; };
		B1E113A7177A1074001B22CE /* Huisgenoten_LogicTests.m in Sources */ = {isa = PBXBuildFile; fileRef = B1E113A6177A1074001B22CE /* Huisgenoten_LogicTests.m */; };
		B1F8629D177A24B600FAD40C /* CoreData.framework in Frameworks */ = {isa = PBXBuildFile; fileRef = B1E113181779E2D9001B22CE /* CoreData.framework */; };
		B1F8629E177A254800FAD40C /* Model.xcdatamodeld in Sources */ = {isa = PBXBuildFile; fileRef = B1E113151779E210001B22CE /* Model.xcdatamodeld */; };
		B1F8629F177A393D00FAD40C /* CoreData.framework in Frameworks */ = {isa = PBXBuildFile; fileRef = B1E113181779E2D9001B22CE /* CoreData.framework */; };
/* End PBXBuildFile section */

/* Begin PBXFileReference section */
		492A1550177085E80009BA44 /* AudioToolbox.framework */ = {isa = PBXFileReference; lastKnownFileType = wrapper.framework; name = AudioToolbox.framework; path = System/Library/Frameworks/AudioToolbox.framework; sourceTree = SDKROOT; };
		492A1552177085EF0009BA44 /* CFNetwork.framework */ = {isa = PBXFileReference; lastKnownFileType = wrapper.framework; name = CFNetwork.framework; path = System/Library/Frameworks/CFNetwork.framework; sourceTree = SDKROOT; };
		492A1554177086060009BA44 /* CoreLocation.framework */ = {isa = PBXFileReference; lastKnownFileType = wrapper.framework; name = CoreLocation.framework; path = System/Library/Frameworks/CoreLocation.framework; sourceTree = SDKROOT; };
		492A1556177086140009BA44 /* libz.1.1.3.dylib */ = {isa = PBXFileReference; lastKnownFileType = "compiled.mach-o.dylib"; name = libz.1.1.3.dylib; path = usr/lib/libz.1.1.3.dylib; sourceTree = SDKROOT; };
		492A15581770861B0009BA44 /* MobileCoreServices.framework */ = {isa = PBXFileReference; lastKnownFileType = wrapper.framework; name = MobileCoreServices.framework; path = System/Library/Frameworks/MobileCoreServices.framework; sourceTree = SDKROOT; };
		492A155A177086230009BA44 /* QuartzCore.framework */ = {isa = PBXFileReference; lastKnownFileType = wrapper.framework; name = QuartzCore.framework; path = System/Library/Frameworks/QuartzCore.framework; sourceTree = SDKROOT; };
		492A155C1770862A0009BA44 /* Security.framework */ = {isa = PBXFileReference; lastKnownFileType = wrapper.framework; name = Security.framework; path = System/Library/Frameworks/Security.framework; sourceTree = SDKROOT; };
		492A155E177086330009BA44 /* StoreKit.framework */ = {isa = PBXFileReference; lastKnownFileType = wrapper.framework; name = StoreKit.framework; path = System/Library/Frameworks/StoreKit.framework; sourceTree = SDKROOT; };
		492A15601770863D0009BA44 /* SystemConfiguration.framework */ = {isa = PBXFileReference; lastKnownFileType = wrapper.framework; name = SystemConfiguration.framework; path = System/Library/Frameworks/SystemConfiguration.framework; sourceTree = SDKROOT; };
		492A15991771E8330009BA44 /* FacebookSDK.framework */ = {isa = PBXFileReference; lastKnownFileType = wrapper.framework; name = FacebookSDK.framework; path = ../../FacebookSDK.framework; sourceTree = "<group>"; };
		492A159C1771E87A0009BA44 /* FacebookSDKResources.bundle */ = {isa = PBXFileReference; lastKnownFileType = "wrapper.plug-in"; name = FacebookSDKResources.bundle; path = ../../FacebookSDK.framework/Versions/A/Resources/FacebookSDKResources.bundle; sourceTree = "<group>"; };
		492A159F1771E89D0009BA44 /* Social.framework */ = {isa = PBXFileReference; lastKnownFileType = wrapper.framework; name = Social.framework; path = System/Library/Frameworks/Social.framework; sourceTree = SDKROOT; };
		492A15A11771E8A70009BA44 /* Accounts.framework */ = {isa = PBXFileReference; lastKnownFileType = wrapper.framework; name = Accounts.framework; path = System/Library/Frameworks/Accounts.framework; sourceTree = SDKROOT; };
		492A15A31771E8B70009BA44 /* libsqlite3.dylib */ = {isa = PBXFileReference; lastKnownFileType = "compiled.mach-o.dylib"; name = libsqlite3.dylib; path = usr/lib/libsqlite3.dylib; sourceTree = SDKROOT; };
		492A15A51771E8C50009BA44 /* AdSupport.framework */ = {isa = PBXFileReference; lastKnownFileType = wrapper.framework; name = AdSupport.framework; path = System/Library/Frameworks/AdSupport.framework; sourceTree = SDKROOT; };
		49756A73176DE96200DF090E /* AllAlarmsViewController.h */ = {isa = PBXFileReference; fileEncoding = 4; lastKnownFileType = sourcecode.c.h; path = AllAlarmsViewController.h; sourceTree = "<group>"; };
		49756A74176DE96200DF090E /* AllAlarmsViewController.m */ = {isa = PBXFileReference; fileEncoding = 4; lastKnownFileType = sourcecode.c.objc; path = AllAlarmsViewController.m; sourceTree = "<group>"; };
		49756A77176DED3200DF090E /* Alarm.h */ = {isa = PBXFileReference; fileEncoding = 4; lastKnownFileType = sourcecode.c.h; path = Alarm.h; sourceTree = "<group>"; };
		49756A78176DED3200DF090E /* Alarm.m */ = {isa = PBXFileReference; fileEncoding = 4; lastKnownFileType = sourcecode.c.objc; path = Alarm.m; sourceTree = "<group>"; };
		49756A7F176DF85700DF090E /* ListDetailViewController.h */ = {isa = PBXFileReference; fileEncoding = 4; lastKnownFileType = sourcecode.c.h; path = ListDetailViewController.h; sourceTree = "<group>"; };
		49756A80176DF85700DF090E /* ListDetailViewController.m */ = {isa = PBXFileReference; fileEncoding = 4; lastKnownFileType = sourcecode.c.objc; path = ListDetailViewController.m; sourceTree = "<group>"; };
		49756A83176E44BF00DF090E /* AlarmsDataModel.h */ = {isa = PBXFileReference; fileEncoding = 4; lastKnownFileType = sourcecode.c.h; path = AlarmsDataModel.h; sourceTree = "<group>"; };
		49756A84176E44BF00DF090E /* AlarmsDataModel.m */ = {isa = PBXFileReference; fileEncoding = 4; lastKnownFileType = sourcecode.c.objc; path = AlarmsDataModel.m; sourceTree = "<group>"; };
		497CE6D2177310C7003B7B4F /* Logo.png */ = {isa = PBXFileReference; lastKnownFileType = image.png; path = Logo.png; sourceTree = "<group>"; };
		497CE6D5177310C7003B7B4F /* MainBG.png */ = {isa = PBXFileReference; lastKnownFileType = image.png; path = MainBG.png; sourceTree = "<group>"; };
		497CE6F017731552003B7B4F /* Parse.framework */ = {isa = PBXFileReference; lastKnownFileType = wrapper.framework; name = Parse.framework; path = ../../Parse.framework; sourceTree = "<group>"; };
		49B5AF76176F3F8500BC2076 /* Afspraken.png */ = {isa = PBXFileReference; lastKnownFileType = image.png; path = Afspraken.png; sourceTree = "<group>"; };
		49B5AF77176F3F8500BC2076 /* Afspraken@2x.png */ = {isa = PBXFileReference; lastKnownFileType = image.png; path = "Afspraken@2x.png"; sourceTree = "<group>"; };
		49B5AF78176F3F8500BC2076 /* Verjaardagen.png */ = {isa = PBXFileReference; lastKnownFileType = image.png; path = Verjaardagen.png; sourceTree = "<group>"; };
		49B5AF79176F3F8500BC2076 /* Verjaardagen@2x.png */ = {isa = PBXFileReference; lastKnownFileType = image.png; path = "Verjaardagen@2x.png"; sourceTree = "<group>"; };
		49B5AF7A176F3F8500BC2076 /* Klusjes.png */ = {isa = PBXFileReference; lastKnownFileType = image.png; path = Klusjes.png; sourceTree = "<group>"; };
		49B5AF7B176F3F8500BC2076 /* Klusjes@2x.png */ = {isa = PBXFileReference; lastKnownFileType = image.png; path = "Klusjes@2x.png"; sourceTree = "<group>"; };
		49B5AF7C176F3F8500BC2076 /* Feestjes.png */ = {isa = PBXFileReference; lastKnownFileType = image.png; path = Feestjes.png; sourceTree = "<group>"; };
		49B5AF7D176F3F8500BC2076 /* Feestjes@2x.png */ = {isa = PBXFileReference; lastKnownFileType = image.png; path = "Feestjes@2x.png"; sourceTree = "<group>"; };
		49B5AF7E176F3F8500BC2076 /* Folder.png */ = {isa = PBXFileReference; lastKnownFileType = image.png; path = Folder.png; sourceTree = "<group>"; };
		49B5AF7F176F3F8500BC2076 /* Folder@2x.png */ = {isa = PBXFileReference; lastKnownFileType = image.png; path = "Folder@2x.png"; sourceTree = "<group>"; };
		49B5AF82176F3F8500BC2076 /* Inbox.png */ = {isa = PBXFileReference; lastKnownFileType = image.png; path = Inbox.png; sourceTree = "<group>"; };
		49B5AF83176F3F8500BC2076 /* Inbox@2x.png */ = {isa = PBXFileReference; lastKnownFileType = image.png; path = "Inbox@2x.png"; sourceTree = "<group>"; };
		49B5AF84176F3F8500BC2076 /* Geen Afbeelding.png */ = {isa = PBXFileReference; lastKnownFileType = image.png; path = "Geen Afbeelding.png"; sourceTree = "<group>"; };
		49B5AF85176F3F8500BC2076 /* Geen Afbeelding@2x.png */ = {isa = PBXFileReference; lastKnownFileType = image.png; path = "Geen Afbeelding@2x.png"; sourceTree = "<group>"; };
		49B5AF86176F3F8500BC2076 /* Foto's.png */ = {isa = PBXFileReference; lastKnownFileType = image.png; path = "Foto's.png"; sourceTree = "<group>"; };
		49B5AF87176F3F8500BC2076 /* Foto's@2x.png */ = {isa = PBXFileReference; lastKnownFileType = image.png; path = "Foto's@2x.png"; sourceTree = "<group>"; };
		49B5AF88176F3F8500BC2076 /* Uitjes.png */ = {isa = PBXFileReference; lastKnownFileType = image.png; path = Uitjes.png; sourceTree = "<group>"; };
		49B5AF89176F3F8500BC2076 /* Uitjes@2x.png */ = {isa = PBXFileReference; lastKnownFileType = image.png; path = "Uitjes@2x.png"; sourceTree = "<group>"; };
		49B5AFD9176F411400BC2076 /* IconPickerViewController.h */ = {isa = PBXFileReference; fileEncoding = 4; lastKnownFileType = sourcecode.c.h; path = IconPickerViewController.h; sourceTree = "<group>"; };
		49B5AFDA176F411400BC2076 /* IconPickerViewController.m */ = {isa = PBXFileReference; fileEncoding = 4; lastKnownFileType = sourcecode.c.objc; path = IconPickerViewController.m; sourceTree = "<group>"; };
		49B5AFDD176F57A700BC2076 /* DatePickerViewController.h */ = {isa = PBXFileReference; fileEncoding = 4; lastKnownFileType = sourcecode.c.h; path = DatePickerViewController.h; sourceTree = "<group>"; };
		49B5AFDE176F57A700BC2076 /* DatePickerViewController.m */ = {isa = PBXFileReference; fileEncoding = 4; lastKnownFileType = sourcecode.c.objc; path = DatePickerViewController.m; sourceTree = "<group>"; };
		49EB987D176B51A2009B2627 /* EventKit.framework */ = {isa = PBXFileReference; lastKnownFileType = wrapper.framework; name = EventKit.framework; path = System/Library/Frameworks/EventKit.framework; sourceTree = SDKROOT; };
		49EB987E176B51A2009B2627 /* EventKitUI.framework */ = {isa = PBXFileReference; lastKnownFileType = wrapper.framework; name = EventKitUI.framework; path = System/Library/Frameworks/EventKitUI.framework; sourceTree = SDKROOT; };
		49EB9881176B5DC0009B2627 /* AlarmsViewController.h */ = {isa = PBXFileReference; fileEncoding = 4; lastKnownFileType = sourcecode.c.h; path = AlarmsViewController.h; sourceTree = "<group>"; };
		49EB9882176B5DC0009B2627 /* AlarmsViewController.m */ = {isa = PBXFileReference; fileEncoding = 4; lastKnownFileType = sourcecode.c.objc; path = AlarmsViewController.m; sourceTree = "<group>"; };
		49EB9885176B9474009B2627 /* AlarmItem.h */ = {isa = PBXFileReference; fileEncoding = 4; lastKnownFileType = sourcecode.c.h; path = AlarmItem.h; sourceTree = "<group>"; };
		49EB9886176B9474009B2627 /* AlarmItem.m */ = {isa = PBXFileReference; fileEncoding = 4; lastKnownFileType = sourcecode.c.objc; path = AlarmItem.m; sourceTree = "<group>"; };
		49EB9889176C7140009B2627 /* AlarmDetailViewController.h */ = {isa = PBXFileReference; fileEncoding = 4; lastKnownFileType = sourcecode.c.h; path = AlarmDetailViewController.h; sourceTree = "<group>"; };
		49EB988A176C7140009B2627 /* AlarmDetailViewController.m */ = {isa = PBXFileReference; fileEncoding = 4; lastKnownFileType = sourcecode.c.objc; path = AlarmDetailViewController.m; sourceTree = "<group>"; };
		B19A6DDD17671DF00026D06C /* Huisgenoten.app */ = {isa = PBXFileReference; explicitFileType = wrapper.application; includeInIndex = 0; path = Huisgenoten.app; sourceTree = BUILT_PRODUCTS_DIR; };
		B19A6DE017671DF00026D06C /* UIKit.framework */ = {isa = PBXFileReference; lastKnownFileType = wrapper.framework; name = UIKit.framework; path = System/Library/Frameworks/UIKit.framework; sourceTree = SDKROOT; };
		B19A6DE217671DF00026D06C /* Foundation.framework */ = {isa = PBXFileReference; lastKnownFileType = wrapper.framework; name = Foundation.framework; path = System/Library/Frameworks/Foundation.framework; sourceTree = SDKROOT; };
		B19A6DE417671DF00026D06C /* CoreGraphics.framework */ = {isa = PBXFileReference; lastKnownFileType = wrapper.framework; name = CoreGraphics.framework; path = System/Library/Frameworks/CoreGraphics.framework; sourceTree = SDKROOT; };
		B19A6DE817671DF00026D06C /* Huisgenoten-Info.plist */ = {isa = PBXFileReference; lastKnownFileType = text.plist.xml; path = "Huisgenoten-Info.plist"; sourceTree = "<group>"; };
		B19A6DEA17671DF00026D06C /* en */ = {isa = PBXFileReference; lastKnownFileType = text.plist.strings; name = en; path = en.lproj/InfoPlist.strings; sourceTree = "<group>"; };
		B19A6DEC17671DF00026D06C /* main.m */ = {isa = PBXFileReference; lastKnownFileType = sourcecode.c.objc; path = main.m; sourceTree = "<group>"; };
		B19A6DEE17671DF00026D06C /* Huisgenoten-Prefix.pch */ = {isa = PBXFileReference; lastKnownFileType = sourcecode.c.h; path = "Huisgenoten-Prefix.pch"; sourceTree = "<group>"; };
		B19A6DEF17671DF00026D06C /* AppDelegate.h */ = {isa = PBXFileReference; lastKnownFileType = sourcecode.c.h; path = AppDelegate.h; sourceTree = "<group>"; };
		B19A6DF017671DF00026D06C /* AppDelegate.m */ = {isa = PBXFileReference; lastKnownFileType = sourcecode.c.objc; path = AppDelegate.m; sourceTree = "<group>"; };
		B19A6DF217671DF00026D06C /* Default.png */ = {isa = PBXFileReference; lastKnownFileType = image.png; path = Default.png; sourceTree = "<group>"; };
		B19A6DF417671DF00026D06C /* Default@2x.png */ = {isa = PBXFileReference; lastKnownFileType = image.png; path = "Default@2x.png"; sourceTree = "<group>"; };
		B19A6DF617671DF00026D06C /* Default-568h@2x.png */ = {isa = PBXFileReference; lastKnownFileType = image.png; path = "Default-568h@2x.png"; sourceTree = "<group>"; };
		B19A6DF917671DF00026D06C /* en */ = {isa = PBXFileReference; lastKnownFileType = file.storyboard; name = en; path = en.lproj/MainStoryboard.storyboard; sourceTree = "<group>"; };
		B19A6DFB17671DF00026D06C /* ViewController.h */ = {isa = PBXFileReference; lastKnownFileType = sourcecode.c.h; path = ViewController.h; sourceTree = "<group>"; };
		B19A6DFC17671DF00026D06C /* ViewController.m */ = {isa = PBXFileReference; lastKnownFileType = sourcecode.c.objc; path = ViewController.m; sourceTree = "<group>"; };
		B19A6E0417671DF00026D06C /* SenTestingKit.framework */ = {isa = PBXFileReference; lastKnownFileType = wrapper.framework; name = SenTestingKit.framework; path = Library/Frameworks/SenTestingKit.framework; sourceTree = DEVELOPER_DIR; };
		B1E113061779E12E001B22CE /* AddItemViewController.h */ = {isa = PBXFileReference; fileEncoding = 4; lastKnownFileType = sourcecode.c.h; path = AddItemViewController.h; sourceTree = "<group>"; };
		B1E113071779E12E001B22CE /* AddItemViewController.m */ = {isa = PBXFileReference; fileEncoding = 4; lastKnownFileType = sourcecode.c.objc; path = AddItemViewController.m; sourceTree = "<group>"; };
		B1E113091779E17E001B22CE /* EditItemViewController.h */ = {isa = PBXFileReference; fileEncoding = 4; lastKnownFileType = sourcecode.c.h; path = EditItemViewController.h; sourceTree = "<group>"; };
		B1E1130A1779E17E001B22CE /* EditItemViewController.m */ = {isa = PBXFileReference; fileEncoding = 4; lastKnownFileType = sourcecode.c.objc; path = EditItemViewController.m; sourceTree = "<group>"; };
		B1E1130C1779E18D001B22CE /* ShoppinglistViewController.h */ = {isa = PBXFileReference; fileEncoding = 4; lastKnownFileType = sourcecode.c.h; path = ShoppinglistViewController.h; sourceTree = "<group>"; };
		B1E1130D1779E18D001B22CE /* ShoppinglistViewController.m */ = {isa = PBXFileReference; fileEncoding = 4; lastKnownFileType = sourcecode.c.objc; path = ShoppinglistViewController.m; sourceTree = "<group>"; };
		B1E1130F1779E1BD001B22CE /* FinancesViewController.h */ = {isa = PBXFileReference; fileEncoding = 4; lastKnownFileType = sourcecode.c.h; path = FinancesViewController.h; sourceTree = "<group>"; };
		B1E113101779E1BD001B22CE /* FinancesViewController.m */ = {isa = PBXFileReference; fileEncoding = 4; lastKnownFileType = sourcecode.c.objc; path = FinancesViewController.m; sourceTree = "<group>"; };
		B1E113121779E1F1001B22CE /* Finances.h */ = {isa = PBXFileReference; fileEncoding = 4; lastKnownFileType = sourcecode.c.h; path = Finances.h; sourceTree = "<group>"; };
		B1E113131779E1F1001B22CE /* Finances.m */ = {isa = PBXFileReference; fileEncoding = 4; lastKnownFileType = sourcecode.c.objc; path = Finances.m; sourceTree = "<group>"; };
		B1E113161779E210001B22CE /* Model.xcdatamodel */ = {isa = PBXFileReference; lastKnownFileType = wrapper.xcdatamodel; path = Model.xcdatamodel; sourceTree = "<group>"; };
		B1E113181779E2D9001B22CE /* CoreData.framework */ = {isa = PBXFileReference; lastKnownFileType = wrapper.framework; name = CoreData.framework; path = System/Library/Frameworks/CoreData.framework; sourceTree = SDKROOT; };
		B1E11385177A1062001B22CE /* Huisgenoten_ApplicationTests.octest */ = {isa = PBXFileReference; explicitFileType = wrapper.cfbundle; includeInIndex = 0; path = Huisgenoten_ApplicationTests.octest; sourceTree = BUILT_PRODUCTS_DIR; };
		B1E1138B177A1063001B22CE /* Huisgenoten_ApplicationTests-Info.plist */ = {isa = PBXFileReference; lastKnownFileType = text.plist.xml; path = "Huisgenoten_ApplicationTests-Info.plist"; sourceTree = "<group>"; };
		B1E1138D177A1063001B22CE /* en */ = {isa = PBXFileReference; lastKnownFileType = text.plist.strings; name = en; path = en.lproj/InfoPlist.strings; sourceTree = "<group>"; };
		B1E1138F177A1063001B22CE /* Huisgenoten_ApplicationTests.h */ = {isa = PBXFileReference; lastKnownFileType = sourcecode.c.h; path = Huisgenoten_ApplicationTests.h; sourceTree = "<group>"; };
		B1E11390177A1063001B22CE /* Huisgenoten_ApplicationTests.m */ = {isa = PBXFileReference; lastKnownFileType = sourcecode.c.objc; path = Huisgenoten_ApplicationTests.m; sourceTree = "<group>"; };
		B1E11392177A1063001B22CE /* Huisgenoten_ApplicationTests-Prefix.pch */ = {isa = PBXFileReference; lastKnownFileType = sourcecode.c.h; path = "Huisgenoten_ApplicationTests-Prefix.pch"; sourceTree = "<group>"; };
		B1E1139B177A1074001B22CE /* Huisgenoten_LogicTests.octest */ = {isa = PBXFileReference; explicitFileType = wrapper.cfbundle; includeInIndex = 0; path = Huisgenoten_LogicTests.octest; sourceTree = BUILT_PRODUCTS_DIR; };
		B1E113A1177A1074001B22CE /* Huisgenoten_LogicTests-Info.plist */ = {isa = PBXFileReference; lastKnownFileType = text.plist.xml; path = "Huisgenoten_LogicTests-Info.plist"; sourceTree = "<group>"; };
		B1E113A3177A1074001B22CE /* en */ = {isa = PBXFileReference; lastKnownFileType = text.plist.strings; name = en; path = en.lproj/InfoPlist.strings; sourceTree = "<group>"; };
		B1E113A5177A1074001B22CE /* Huisgenoten_LogicTests.h */ = {isa = PBXFileReference; lastKnownFileType = sourcecode.c.h; path = Huisgenoten_LogicTests.h; sourceTree = "<group>"; };
		B1E113A6177A1074001B22CE /* Huisgenoten_LogicTests.m */ = {isa = PBXFileReference; lastKnownFileType = sourcecode.c.objc; path = Huisgenoten_LogicTests.m; sourceTree = "<group>"; };
		B1E113A8177A1074001B22CE /* Huisgenoten_LogicTests-Prefix.pch */ = {isa = PBXFileReference; lastKnownFileType = sourcecode.c.h; path = "Huisgenoten_LogicTests-Prefix.pch"; sourceTree = "<group>"; };
/* End PBXFileReference section */

/* Begin PBXFrameworksBuildPhase section */
		B19A6DDA17671DF00026D06C /* Frameworks */ = {
			isa = PBXFrameworksBuildPhase;
			buildActionMask = 2147483647;
			files = (
				492A15A61771E8C50009BA44 /* AdSupport.framework in Frameworks */,
				492A15A41771E8B70009BA44 /* libsqlite3.dylib in Frameworks */,
				492A15A21771E8A80009BA44 /* Accounts.framework in Frameworks */,
				492A15A01771E89D0009BA44 /* Social.framework in Frameworks */,
				492A15611770863D0009BA44 /* SystemConfiguration.framework in Frameworks */,
				492A155F177086330009BA44 /* StoreKit.framework in Frameworks */,
				492A155D1770862A0009BA44 /* Security.framework in Frameworks */,
				492A155B177086230009BA44 /* QuartzCore.framework in Frameworks */,
				492A15591770861B0009BA44 /* MobileCoreServices.framework in Frameworks */,
				492A1557177086140009BA44 /* libz.1.1.3.dylib in Frameworks */,
				492A1555177086060009BA44 /* CoreLocation.framework in Frameworks */,
				492A1553177085EF0009BA44 /* CFNetwork.framework in Frameworks */,
				492A1551177085E80009BA44 /* AudioToolbox.framework in Frameworks */,
				49EB987F176B51A2009B2627 /* EventKit.framework in Frameworks */,
				49EB9880176B51A2009B2627 /* EventKitUI.framework in Frameworks */,
				B19A6DE117671DF00026D06C /* UIKit.framework in Frameworks */,
				B19A6DE317671DF00026D06C /* Foundation.framework in Frameworks */,
				B19A6DE517671DF00026D06C /* CoreGraphics.framework in Frameworks */,
				B1E113191779E2D9001B22CE /* CoreData.framework in Frameworks */,
			);
			runOnlyForDeploymentPostprocessing = 0;
		};
		B1E11381177A1062001B22CE /* Frameworks */ = {
			isa = PBXFrameworksBuildPhase;
			buildActionMask = 2147483647;
			files = (
				B1F8629F177A393D00FAD40C /* CoreData.framework in Frameworks */,
				B1E11386177A1062001B22CE /* SenTestingKit.framework in Frameworks */,
				B1E11387177A1062001B22CE /* UIKit.framework in Frameworks */,
				B1E11388177A1062001B22CE /* Foundation.framework in Frameworks */,
			);
			runOnlyForDeploymentPostprocessing = 0;
		};
		B1E11397177A1074001B22CE /* Frameworks */ = {
			isa = PBXFrameworksBuildPhase;
			buildActionMask = 2147483647;
			files = (
				B1F8629D177A24B600FAD40C /* CoreData.framework in Frameworks */,
				B1E1139C177A1074001B22CE /* SenTestingKit.framework in Frameworks */,
				B1E1139D177A1074001B22CE /* UIKit.framework in Frameworks */,
				B1E1139E177A1074001B22CE /* Foundation.framework in Frameworks */,
			);
			runOnlyForDeploymentPostprocessing = 0;
		};
/* End PBXFrameworksBuildPhase section */

/* Begin PBXGroup section */
		492A1548176F82EB0009BA44 /* Alarms */ = {
			isa = PBXGroup;
			children = (
				49EB9885176B9474009B2627 /* AlarmItem.h */,
				49EB9886176B9474009B2627 /* AlarmItem.m */,
				49756A77176DED3200DF090E /* Alarm.h */,
				49756A78176DED3200DF090E /* Alarm.m */,
				49756A83176E44BF00DF090E /* AlarmsDataModel.h */,
				49756A84176E44BF00DF090E /* AlarmsDataModel.m */,
			);
			name = Alarms;
			sourceTree = "<group>";
		};
		492A1549176F830F0009BA44 /* Alarms */ = {
			isa = PBXGroup;
			children = (
				49EB9881176B5DC0009B2627 /* AlarmsViewController.h */,
				49EB9882176B5DC0009B2627 /* AlarmsViewController.m */,
				49EB9889176C7140009B2627 /* AlarmDetailViewController.h */,
				49EB988A176C7140009B2627 /* AlarmDetailViewController.m */,
				49756A73176DE96200DF090E /* AllAlarmsViewController.h */,
				49756A74176DE96200DF090E /* AllAlarmsViewController.m */,
				49756A7F176DF85700DF090E /* ListDetailViewController.h */,
				49756A80176DF85700DF090E /* ListDetailViewController.m */,
				49B5AFD9176F411400BC2076 /* IconPickerViewController.h */,
				49B5AFDA176F411400BC2076 /* IconPickerViewController.m */,
				49B5AFDD176F57A700BC2076 /* DatePickerViewController.h */,
				49B5AFDE176F57A700BC2076 /* DatePickerViewController.m */,
			);
			name = Alarms;
			sourceTree = "<group>";
		};
		492A15631771D3280009BA44 /* Finances */ = {
			isa = PBXGroup;
			children = (
				B1E1130F1779E1BD001B22CE /* FinancesViewController.h */,
				B1E113101779E1BD001B22CE /* FinancesViewController.m */,
			);
			name = Finances;
			sourceTree = "<group>";
		};
		492A15651771D3400009BA44 /* Shoppinglist */ = {
			isa = PBXGroup;
			children = (
				B1E1130C1779E18D001B22CE /* ShoppinglistViewController.h */,
				B1E1130D1779E18D001B22CE /* ShoppinglistViewController.m */,
				B1E113091779E17E001B22CE /* EditItemViewController.h */,
				B1E1130A1779E17E001B22CE /* EditItemViewController.m */,
				B1E113061779E12E001B22CE /* AddItemViewController.h */,
				B1E113071779E12E001B22CE /* AddItemViewController.m */,
			);
			name = Shoppinglist;
			sourceTree = "<group>";
		};
		497CE6CC177310C7003B7B4F /* StartUp */ = {
			isa = PBXGroup;
			children = (
				497CE6D2177310C7003B7B4F /* Logo.png */,
				497CE6D5177310C7003B7B4F /* MainBG.png */,
			);
			name = StartUp;
			path = Resources/Login;
			sourceTree = SOURCE_ROOT;
		};
		497CE6F317747F8F003B7B4F /* Home */ = {
			isa = PBXGroup;
			children = (
				B19A6DFB17671DF00026D06C /* ViewController.h */,
				B19A6DFC17671DF00026D06C /* ViewController.m */,
			);
			name = Home;
			sourceTree = "<group>";
		};
		497CE6F51774802E003B7B4F /* Shoppinglist */ = {
			isa = PBXGroup;
			children = (
				B1E113151779E210001B22CE /* Model.xcdatamodeld */,
			);
			name = Shoppinglist;
			sourceTree = "<group>";
		};
		497CE6F617748035003B7B4F /* Finances */ = {
			isa = PBXGroup;
			children = (
				B1E113121779E1F1001B22CE /* Finances.h */,
				B1E113131779E1F1001B22CE /* Finances.m */,
			);
			name = Finances;
			sourceTree = "<group>";
		};
		49B5AF75176F3F8500BC2076 /* Alarms Icons */ = {
			isa = PBXGroup;
			children = (
				49B5AF76176F3F8500BC2076 /* Afspraken.png */,
				49B5AF77176F3F8500BC2076 /* Afspraken@2x.png */,
				49B5AF78176F3F8500BC2076 /* Verjaardagen.png */,
				49B5AF79176F3F8500BC2076 /* Verjaardagen@2x.png */,
				49B5AF7A176F3F8500BC2076 /* Klusjes.png */,
				49B5AF7B176F3F8500BC2076 /* Klusjes@2x.png */,
				49B5AF7C176F3F8500BC2076 /* Feestjes.png */,
				49B5AF7D176F3F8500BC2076 /* Feestjes@2x.png */,
				49B5AF7E176F3F8500BC2076 /* Folder.png */,
				49B5AF7F176F3F8500BC2076 /* Folder@2x.png */,
				49B5AF82176F3F8500BC2076 /* Inbox.png */,
				49B5AF83176F3F8500BC2076 /* Inbox@2x.png */,
				49B5AF84176F3F8500BC2076 /* Geen Afbeelding.png */,
				49B5AF85176F3F8500BC2076 /* Geen Afbeelding@2x.png */,
				49B5AF86176F3F8500BC2076 /* Foto's.png */,
				49B5AF87176F3F8500BC2076 /* Foto's@2x.png */,
				49B5AF88176F3F8500BC2076 /* Uitjes.png */,
				49B5AF89176F3F8500BC2076 /* Uitjes@2x.png */,
			);
			name = "Alarms Icons";
			path = "../Resources/Checklist Icons";
			sourceTree = "<group>";
		};
		B12EBBE11767A03200A68C17 /* View */ = {
			isa = PBXGroup;
			children = (
				B19A6DF817671DF00026D06C /* MainStoryboard.storyboard */,
			);
			name = View;
			sourceTree = "<group>";
		};
		B12EBBE21767A03F00A68C17 /* Controllers */ = {
			isa = PBXGroup;
			children = (
				497CE6F317747F8F003B7B4F /* Home */,
				492A15651771D3400009BA44 /* Shoppinglist */,
				492A15631771D3280009BA44 /* Finances */,
				492A1549176F830F0009BA44 /* Alarms */,
			);
			name = Controllers;
			sourceTree = "<group>";
		};
		B12EBBE41767A05C00A68C17 /* Models */ = {
			isa = PBXGroup;
			children = (
				497CE6F617748035003B7B4F /* Finances */,
				497CE6F51774802E003B7B4F /* Shoppinglist */,
				492A1548176F82EB0009BA44 /* Alarms */,
			);
			name = Models;
			sourceTree = "<group>";
		};
		B19A6DD417671DF00026D06C = {
			isa = PBXGroup;
			children = (
				B19A6DE617671DF00026D06C /* Huisgenoten */,
				B1E11389177A1062001B22CE /* Huisgenoten_ApplicationTests */,
				B1E1139F177A1074001B22CE /* Huisgenoten_LogicTests */,
				B19A6DDF17671DF00026D06C /* Frameworks */,
				B19A6DDE17671DF00026D06C /* Products */,
			);
			sourceTree = "<group>";
		};
		B19A6DDE17671DF00026D06C /* Products */ = {
			isa = PBXGroup;
			children = (
				B19A6DDD17671DF00026D06C /* Huisgenoten.app */,
				B1E11385177A1062001B22CE /* Huisgenoten_ApplicationTests.octest */,
				B1E1139B177A1074001B22CE /* Huisgenoten_LogicTests.octest */,
			);
			name = Products;
			sourceTree = "<group>";
		};
		B19A6DDF17671DF00026D06C /* Frameworks */ = {
			isa = PBXGroup;
			children = (
				B1E113181779E2D9001B22CE /* CoreData.framework */,
				497CE6F017731552003B7B4F /* Parse.framework */,
				492A15A51771E8C50009BA44 /* AdSupport.framework */,
				492A15A31771E8B70009BA44 /* libsqlite3.dylib */,
				492A15A11771E8A70009BA44 /* Accounts.framework */,
				492A159F1771E89D0009BA44 /* Social.framework */,
				492A159C1771E87A0009BA44 /* FacebookSDKResources.bundle */,
				492A15991771E8330009BA44 /* FacebookSDK.framework */,
				492A15601770863D0009BA44 /* SystemConfiguration.framework */,
				492A155E177086330009BA44 /* StoreKit.framework */,
				492A155C1770862A0009BA44 /* Security.framework */,
				492A155A177086230009BA44 /* QuartzCore.framework */,
				492A15581770861B0009BA44 /* MobileCoreServices.framework */,
				492A1556177086140009BA44 /* libz.1.1.3.dylib */,
				492A1554177086060009BA44 /* CoreLocation.framework */,
				492A1552177085EF0009BA44 /* CFNetwork.framework */,
				492A1550177085E80009BA44 /* AudioToolbox.framework */,
				49EB987D176B51A2009B2627 /* EventKit.framework */,
				49EB987E176B51A2009B2627 /* EventKitUI.framework */,
				B19A6DE017671DF00026D06C /* UIKit.framework */,
				B19A6DE217671DF00026D06C /* Foundation.framework */,
				B19A6DE417671DF00026D06C /* CoreGraphics.framework */,
				B19A6E0417671DF00026D06C /* SenTestingKit.framework */,
			);
			name = Frameworks;
			sourceTree = "<group>";
		};
		B19A6DE617671DF00026D06C /* Huisgenoten */ = {
			isa = PBXGroup;
			children = (
				B19A6DEF17671DF00026D06C /* AppDelegate.h */,
				B19A6DF017671DF00026D06C /* AppDelegate.m */,
				B12EBBE41767A05C00A68C17 /* Models */,
				B12EBBE11767A03200A68C17 /* View */,
				B12EBBE21767A03F00A68C17 /* Controllers */,
				B19A6DE717671DF00026D06C /* Supporting Files */,
			);
			path = Huisgenoten;
			sourceTree = "<group>";
		};
		B19A6DE717671DF00026D06C /* Supporting Files */ = {
			isa = PBXGroup;
			children = (
				497CE6CC177310C7003B7B4F /* StartUp */,
				49B5AF75176F3F8500BC2076 /* Alarms Icons */,
				B19A6DE817671DF00026D06C /* Huisgenoten-Info.plist */,
				B19A6DE917671DF00026D06C /* InfoPlist.strings */,
				B19A6DEC17671DF00026D06C /* main.m */,
				B19A6DEE17671DF00026D06C /* Huisgenoten-Prefix.pch */,
				B19A6DF217671DF00026D06C /* Default.png */,
				B19A6DF417671DF00026D06C /* Default@2x.png */,
				B19A6DF617671DF00026D06C /* Default-568h@2x.png */,
			);
			name = "Supporting Files";
			sourceTree = "<group>";
		};
		B1E11389177A1062001B22CE /* Huisgenoten_ApplicationTests */ = {
			isa = PBXGroup;
			children = (
				B1E1138F177A1063001B22CE /* Huisgenoten_ApplicationTests.h */,
				B1E11390177A1063001B22CE /* Huisgenoten_ApplicationTests.m */,
				B1E1138A177A1063001B22CE /* Supporting Files */,
			);
			path = Huisgenoten_ApplicationTests;
			sourceTree = "<group>";
		};
		B1E1138A177A1063001B22CE /* Supporting Files */ = {
			isa = PBXGroup;
			children = (
				B1E1138B177A1063001B22CE /* Huisgenoten_ApplicationTests-Info.plist */,
				B1E1138C177A1063001B22CE /* InfoPlist.strings */,
				B1E11392177A1063001B22CE /* Huisgenoten_ApplicationTests-Prefix.pch */,
			);
			name = "Supporting Files";
			sourceTree = "<group>";
		};
		B1E1139F177A1074001B22CE /* Huisgenoten_LogicTests */ = {
			isa = PBXGroup;
			children = (
				B1E113A5177A1074001B22CE /* Huisgenoten_LogicTests.h */,
				B1E113A6177A1074001B22CE /* Huisgenoten_LogicTests.m */,
				B1E113A0177A1074001B22CE /* Supporting Files */,
			);
			path = Huisgenoten_LogicTests;
			sourceTree = "<group>";
		};
		B1E113A0177A1074001B22CE /* Supporting Files */ = {
			isa = PBXGroup;
			children = (
				B1E113A1177A1074001B22CE /* Huisgenoten_LogicTests-Info.plist */,
				B1E113A2177A1074001B22CE /* InfoPlist.strings */,
				B1E113A8177A1074001B22CE /* Huisgenoten_LogicTests-Prefix.pch */,
			);
			name = "Supporting Files";
			sourceTree = "<group>";
		};
/* End PBXGroup section */

/* Begin PBXNativeTarget section */
		B19A6DDC17671DF00026D06C /* Huisgenoten */ = {
			isa = PBXNativeTarget;
			buildConfigurationList = B19A6E1517671DF00026D06C /* Build configuration list for PBXNativeTarget "Huisgenoten" */;
			buildPhases = (
				B19A6DD917671DF00026D06C /* Sources */,
				B19A6DDA17671DF00026D06C /* Frameworks */,
				B19A6DDB17671DF00026D06C /* Resources */,
			);
			buildRules = (
			);
			dependencies = (
			);
			name = Huisgenoten;
			productName = Huisgenoten;
			productReference = B19A6DDD17671DF00026D06C /* Huisgenoten.app */;
			productType = "com.apple.product-type.application";
		};
		B1E11384177A1062001B22CE /* Huisgenoten_ApplicationTests */ = {
			isa = PBXNativeTarget;
			buildConfigurationList = B1E11393177A1063001B22CE /* Build configuration list for PBXNativeTarget "Huisgenoten_ApplicationTests" */;
			buildPhases = (
				B1E11380177A1062001B22CE /* Sources */,
				B1E11381177A1062001B22CE /* Frameworks */,
				B1E11382177A1062001B22CE /* Resources */,
				B1E11383177A1062001B22CE /* ShellScript */,
			);
			buildRules = (
			);
			dependencies = (
			);
			name = Huisgenoten_ApplicationTests;
			productName = Huisgenoten_ApplicationTests;
			productReference = B1E11385177A1062001B22CE /* Huisgenoten_ApplicationTests.octest */;
			productType = "com.apple.product-type.bundle";
		};
		B1E1139A177A1074001B22CE /* Huisgenoten_LogicTests */ = {
			isa = PBXNativeTarget;
			buildConfigurationList = B1E113A9177A1074001B22CE /* Build configuration list for PBXNativeTarget "Huisgenoten_LogicTests" */;
			buildPhases = (
				B1E11396177A1074001B22CE /* Sources */,
				B1E11397177A1074001B22CE /* Frameworks */,
				B1E11398177A1074001B22CE /* Resources */,
				B1E11399177A1074001B22CE /* ShellScript */,
			);
			buildRules = (
			);
			dependencies = (
			);
			name = Huisgenoten_LogicTests;
			productName = Huisgenoten_LogicTests;
			productReference = B1E1139B177A1074001B22CE /* Huisgenoten_LogicTests.octest */;
			productType = "com.apple.product-type.bundle";
		};
/* End PBXNativeTarget section */

/* Begin PBXProject section */
		B19A6DD517671DF00026D06C /* Project object */ = {
			isa = PBXProject;
			attributes = {
				LastUpgradeCheck = 0460;
			};
			buildConfigurationList = B19A6DD817671DF00026D06C /* Build configuration list for PBXProject "Huisgenoten" */;
			compatibilityVersion = "Xcode 3.2";
			developmentRegion = English;
			hasScannedForEncodings = 0;
			knownRegions = (
				en,
			);
			mainGroup = B19A6DD417671DF00026D06C;
			productRefGroup = B19A6DDE17671DF00026D06C /* Products */;
			projectDirPath = "";
			projectRoot = "";
			targets = (
				B19A6DDC17671DF00026D06C /* Huisgenoten */,
				B1E11384177A1062001B22CE /* Huisgenoten_ApplicationTests */,
				B1E1139A177A1074001B22CE /* Huisgenoten_LogicTests */,
			);
		};
/* End PBXProject section */

/* Begin PBXResourcesBuildPhase section */
		B19A6DDB17671DF00026D06C /* Resources */ = {
			isa = PBXResourcesBuildPhase;
			buildActionMask = 2147483647;
			files = (
				B19A6DEB17671DF00026D06C /* InfoPlist.strings in Resources */,
				B19A6DF317671DF00026D06C /* Default.png in Resources */,
				B19A6DF517671DF00026D06C /* Default@2x.png in Resources */,
				B19A6DF717671DF00026D06C /* Default-568h@2x.png in Resources */,
				B19A6DFA17671DF00026D06C /* MainStoryboard.storyboard in Resources */,
				49B5AF99176F3F8500BC2076 /* Afspraken.png in Resources */,
				49B5AF9B176F3F8500BC2076 /* Afspraken@2x.png in Resources */,
				49B5AF9D176F3F8500BC2076 /* Verjaardagen.png in Resources */,
				49B5AF9F176F3F8500BC2076 /* Verjaardagen@2x.png in Resources */,
				49B5AFA1176F3F8500BC2076 /* Klusjes.png in Resources */,
				49B5AFA3176F3F8500BC2076 /* Klusjes@2x.png in Resources */,
				49B5AFA5176F3F8500BC2076 /* Feestjes.png in Resources */,
				49B5AFA7176F3F8500BC2076 /* Feestjes@2x.png in Resources */,
				49B5AFA9176F3F8500BC2076 /* Folder.png in Resources */,
				49B5AFAB176F3F8500BC2076 /* Folder@2x.png in Resources */,
				49B5AFB1176F3F8500BC2076 /* Inbox.png in Resources */,
				49B5AFB3176F3F8500BC2076 /* Inbox@2x.png in Resources */,
				49B5AFB5176F3F8500BC2076 /* Geen Afbeelding.png in Resources */,
				49B5AFB7176F3F8500BC2076 /* Geen Afbeelding@2x.png in Resources */,
				49B5AFB9176F3F8500BC2076 /* Foto's.png in Resources */,
				49B5AFBB176F3F8500BC2076 /* Foto's@2x.png in Resources */,
				49B5AFBD176F3F8500BC2076 /* Uitjes.png in Resources */,
				49B5AFBF176F3F8500BC2076 /* Uitjes@2x.png in Resources */,
				492A159D1771E87A0009BA44 /* FacebookSDKResources.bundle in Resources */,
				497CE6E2177310C7003B7B4F /* Logo.png in Resources */,
				497CE6E5177310C7003B7B4F /* MainBG.png in Resources */,
			);
			runOnlyForDeploymentPostprocessing = 0;
		};
		B1E11382177A1062001B22CE /* Resources */ = {
			isa = PBXResourcesBuildPhase;
			buildActionMask = 2147483647;
			files = (
				B1E1138E177A1063001B22CE /* InfoPlist.strings in Resources */,
			);
			runOnlyForDeploymentPostprocessing = 0;
		};
		B1E11398177A1074001B22CE /* Resources */ = {
			isa = PBXResourcesBuildPhase;
			buildActionMask = 2147483647;
			files = (
				B1E113A4177A1074001B22CE /* InfoPlist.strings in Resources */,
			);
			runOnlyForDeploymentPostprocessing = 0;
		};
/* End PBXResourcesBuildPhase section */

/* Begin PBXShellScriptBuildPhase section */
		B1E11383177A1062001B22CE /* ShellScript */ = {
			isa = PBXShellScriptBuildPhase;
			buildActionMask = 2147483647;
			files = (
			);
			inputPaths = (
			);
			outputPaths = (
			);
			runOnlyForDeploymentPostprocessing = 0;
			shellPath = /bin/sh;
			shellScript = "# Run the unit tests in this test bundle.\n\"${SYSTEM_DEVELOPER_DIR}/Tools/RunUnitTests\"\n";
		};
		B1E11399177A1074001B22CE /* ShellScript */ = {
			isa = PBXShellScriptBuildPhase;
			buildActionMask = 2147483647;
			files = (
			);
			inputPaths = (
			);
			outputPaths = (
			);
			runOnlyForDeploymentPostprocessing = 0;
			shellPath = /bin/sh;
			shellScript = "# Run the unit tests in this test bundle.\n\"${SYSTEM_DEVELOPER_DIR}/Tools/RunUnitTests\"\n";
		};
/* End PBXShellScriptBuildPhase section */

/* Begin PBXSourcesBuildPhase section */
		B19A6DD917671DF00026D06C /* Sources */ = {
			isa = PBXSourcesBuildPhase;
			buildActionMask = 2147483647;
			files = (
				B19A6DED17671DF00026D06C /* main.m in Sources */,
				B19A6DF117671DF00026D06C /* AppDelegate.m in Sources */,
				B19A6DFD17671DF00026D06C /* ViewController.m in Sources */,
				49EB9883176B5DC0009B2627 /* AlarmsViewController.m in Sources */,
				49EB9887176B9474009B2627 /* AlarmItem.m in Sources */,
				49EB988B176C7140009B2627 /* AlarmDetailViewController.m in Sources */,
				49756A75176DE96200DF090E /* AllAlarmsViewController.m in Sources */,
				49756A79176DED3200DF090E /* Alarm.m in Sources */,
				49756A81176DF85700DF090E /* ListDetailViewController.m in Sources */,
				49756A85176E44BF00DF090E /* AlarmsDataModel.m in Sources */,
				49B5AFDB176F411400BC2076 /* IconPickerViewController.m in Sources */,
				49B5AFDF176F57A700BC2076 /* DatePickerViewController.m in Sources */,
				B1E113081779E12E001B22CE /* AddItemViewController.m in Sources */,
				B1E1130B1779E17E001B22CE /* EditItemViewController.m in Sources */,
				B1E1130E1779E18D001B22CE /* ShoppinglistViewController.m in Sources */,
				B1E113111779E1BD001B22CE /* FinancesViewController.m in Sources */,
				B1E113141779E1F1001B22CE /* Finances.m in Sources */,
				B1E113171779E210001B22CE /* Model.xcdatamodeld in Sources */,
			);
			runOnlyForDeploymentPostprocessing = 0;
		};
		B1E11380177A1062001B22CE /* Sources */ = {
			isa = PBXSourcesBuildPhase;
			buildActionMask = 2147483647;
			files = (
				B1E11391177A1063001B22CE /* Huisgenoten_ApplicationTests.m in Sources */,
			);
			runOnlyForDeploymentPostprocessing = 0;
		};
		B1E11396177A1074001B22CE /* Sources */ = {
			isa = PBXSourcesBuildPhase;
			buildActionMask = 2147483647;
			files = (
				B1E113A7177A1074001B22CE /* Huisgenoten_LogicTests.m in Sources */,
				B1F8629E177A254800FAD40C /* Model.xcdatamodeld in Sources */,
			);
			runOnlyForDeploymentPostprocessing = 0;
		};
/* End PBXSourcesBuildPhase section */

/* Begin PBXVariantGroup section */
		B19A6DE917671DF00026D06C /* InfoPlist.strings */ = {
			isa = PBXVariantGroup;
			children = (
				B19A6DEA17671DF00026D06C /* en */,
			);
			name = InfoPlist.strings;
			sourceTree = "<group>";
		};
		B19A6DF817671DF00026D06C /* MainStoryboard.storyboard */ = {
			isa = PBXVariantGroup;
			children = (
				B19A6DF917671DF00026D06C /* en */,
			);
			name = MainStoryboard.storyboard;
			sourceTree = "<group>";
		};
		B1E1138C177A1063001B22CE /* InfoPlist.strings */ = {
			isa = PBXVariantGroup;
			children = (
				B1E1138D177A1063001B22CE /* en */,
			);
			name = InfoPlist.strings;
			sourceTree = "<group>";
		};
		B1E113A2177A1074001B22CE /* InfoPlist.strings */ = {
			isa = PBXVariantGroup;
			children = (
				B1E113A3177A1074001B22CE /* en */,
			);
			name = InfoPlist.strings;
			sourceTree = "<group>";
		};
/* End PBXVariantGroup section */

/* Begin XCBuildConfiguration section */
		B19A6E1317671DF00026D06C /* Debug */ = {
			isa = XCBuildConfiguration;
			buildSettings = {
				ALWAYS_SEARCH_USER_PATHS = NO;
				CLANG_CXX_LANGUAGE_STANDARD = "gnu++0x";
				CLANG_CXX_LIBRARY = "libc++";
				CLANG_ENABLE_OBJC_ARC = YES;
				CLANG_WARN_CONSTANT_CONVERSION = YES;
				CLANG_WARN_EMPTY_BODY = YES;
				CLANG_WARN_ENUM_CONVERSION = YES;
				CLANG_WARN_INT_CONVERSION = YES;
				CLANG_WARN__DUPLICATE_METHOD_MATCH = YES;
				"CODE_SIGN_IDENTITY[sdk=iphoneos*]" = "iPhone Developer";
				COPY_PHASE_STRIP = NO;
				GCC_C_LANGUAGE_STANDARD = gnu99;
				GCC_DYNAMIC_NO_PIC = NO;
				GCC_OPTIMIZATION_LEVEL = 0;
				GCC_PREPROCESSOR_DEFINITIONS = (
					"DEBUG=1",
					"$(inherited)",
				);
				GCC_SYMBOLS_PRIVATE_EXTERN = NO;
				GCC_WARN_ABOUT_RETURN_TYPE = YES;
				GCC_WARN_UNINITIALIZED_AUTOS = YES;
				GCC_WARN_UNUSED_VARIABLE = YES;
				IPHONEOS_DEPLOYMENT_TARGET = 6.1;
				ONLY_ACTIVE_ARCH = YES;
				SDKROOT = iphoneos;
			};
			name = Debug;
		};
		B19A6E1417671DF00026D06C /* Release */ = {
			isa = XCBuildConfiguration;
			buildSettings = {
				ALWAYS_SEARCH_USER_PATHS = NO;
				CLANG_CXX_LANGUAGE_STANDARD = "gnu++0x";
				CLANG_CXX_LIBRARY = "libc++";
				CLANG_ENABLE_OBJC_ARC = YES;
				CLANG_WARN_CONSTANT_CONVERSION = YES;
				CLANG_WARN_EMPTY_BODY = YES;
				CLANG_WARN_ENUM_CONVERSION = YES;
				CLANG_WARN_INT_CONVERSION = YES;
				CLANG_WARN__DUPLICATE_METHOD_MATCH = YES;
				"CODE_SIGN_IDENTITY[sdk=iphoneos*]" = "iPhone Developer";
				COPY_PHASE_STRIP = YES;
				GCC_C_LANGUAGE_STANDARD = gnu99;
				GCC_WARN_ABOUT_RETURN_TYPE = YES;
				GCC_WARN_UNINITIALIZED_AUTOS = YES;
				GCC_WARN_UNUSED_VARIABLE = YES;
				IPHONEOS_DEPLOYMENT_TARGET = 6.1;
				OTHER_CFLAGS = "-DNS_BLOCK_ASSERTIONS=1";
				SDKROOT = iphoneos;
				VALIDATE_PRODUCT = YES;
			};
			name = Release;
		};
		B19A6E1617671DF00026D06C /* Debug */ = {
			isa = XCBuildConfiguration;
			buildSettings = {
				FRAMEWORK_SEARCH_PATHS = (
					"$(inherited)",
					"\"$(SRCROOT)/../..\"",
					"\"$(SRCROOT)/Huisgenoten\"",
				);
				GCC_PRECOMPILE_PREFIX_HEADER = YES;
				GCC_PREFIX_HEADER = "Huisgenoten/Huisgenoten-Prefix.pch";
				INFOPLIST_FILE = "Huisgenoten/Huisgenoten-Info.plist";
				PRODUCT_NAME = "$(TARGET_NAME)";
				WRAPPER_EXTENSION = app;
			};
			name = Debug;
		};
		B19A6E1717671DF00026D06C /* Release */ = {
			isa = XCBuildConfiguration;
			buildSettings = {
				FRAMEWORK_SEARCH_PATHS = (
					"$(inherited)",
					"\"$(SRCROOT)/../..\"",
					"\"$(SRCROOT)/Huisgenoten\"",
				);
				GCC_PRECOMPILE_PREFIX_HEADER = YES;
				GCC_PREFIX_HEADER = "Huisgenoten/Huisgenoten-Prefix.pch";
				INFOPLIST_FILE = "Huisgenoten/Huisgenoten-Info.plist";
				PRODUCT_NAME = "$(TARGET_NAME)";
				WRAPPER_EXTENSION = app;
			};
			name = Release;
		};
		B1E11394177A1063001B22CE /* Debug */ = {
			isa = XCBuildConfiguration;
			buildSettings = {
				BUNDLE_LOADER = "$(BUILT_PRODUCTS_DIR)/Huisgenoten.app/Huisgenoten";
				FRAMEWORK_SEARCH_PATHS = (
					"\"$(SDKROOT)/Developer/Library/Frameworks\"",
					"\"$(DEVELOPER_LIBRARY_DIR)/Frameworks\"",
				);
				GCC_PRECOMPILE_PREFIX_HEADER = YES;
				GCC_PREFIX_HEADER = "Huisgenoten_ApplicationTests/Huisgenoten_ApplicationTests-Prefix.pch";
				INFOPLIST_FILE = "Huisgenoten_ApplicationTests/Huisgenoten_ApplicationTests-Info.plist";
				PRODUCT_NAME = "$(TARGET_NAME)";
				TEST_HOST = "$(BUNDLE_LOADER)";
				WRAPPER_EXTENSION = octest;
			};
			name = Debug;
		};
		B1E11395177A1063001B22CE /* Release */ = {
			isa = XCBuildConfiguration;
			buildSettings = {
				BUNDLE_LOADER = "$(BUILT_PRODUCTS_DIR)/Huisgenoten.app/Huisgenoten";
				FRAMEWORK_SEARCH_PATHS = (
					"\"$(SDKROOT)/Developer/Library/Frameworks\"",
					"\"$(DEVELOPER_LIBRARY_DIR)/Frameworks\"",
				);
				GCC_PRECOMPILE_PREFIX_HEADER = YES;
				GCC_PREFIX_HEADER = "Huisgenoten_ApplicationTests/Huisgenoten_ApplicationTests-Prefix.pch";
				INFOPLIST_FILE = "Huisgenoten_ApplicationTests/Huisgenoten_ApplicationTests-Info.plist";
				PRODUCT_NAME = "$(TARGET_NAME)";
				TEST_HOST = "$(BUNDLE_LOADER)";
				WRAPPER_EXTENSION = octest;
			};
			name = Release;
		};
		B1E113AA177A1074001B22CE /* Debug */ = {
			isa = XCBuildConfiguration;
			buildSettings = {
				BUNDLE_LOADER = "$(BUILT_PRODUCTS_DIR)/Huisgenoten.app/Huisgenoten";
				FRAMEWORK_SEARCH_PATHS = (
					"\"$(SDKROOT)/Developer/Library/Frameworks\"",
					"\"$(DEVELOPER_LIBRARY_DIR)/Frameworks\"",
				);
				GCC_PRECOMPILE_PREFIX_HEADER = YES;
				GCC_PREFIX_HEADER = "Huisgenoten_LogicTests/Huisgenoten_LogicTests-Prefix.pch";
				INFOPLIST_FILE = "Huisgenoten_LogicTests/Huisgenoten_LogicTests-Info.plist";
				PRODUCT_NAME = "$(TARGET_NAME)";
				TEST_HOST = "$(BUILT_PRODUCTS_DIR)/Huisgenoten.app/Huisgenoten";
				WRAPPER_EXTENSION = octest;
			};
			name = Debug;
		};
		B1E113AB177A1074001B22CE /* Release */ = {
			isa = XCBuildConfiguration;
			buildSettings = {
				BUNDLE_LOADER = "$(BUILT_PRODUCTS_DIR)/Huisgenoten.app/Huisgenoten";
				FRAMEWORK_SEARCH_PATHS = (
					"\"$(SDKROOT)/Developer/Library/Frameworks\"",
					"\"$(DEVELOPER_LIBRARY_DIR)/Frameworks\"",
				);
				GCC_PRECOMPILE_PREFIX_HEADER = YES;
				GCC_PREFIX_HEADER = "Huisgenoten_LogicTests/Huisgenoten_LogicTests-Prefix.pch";
				INFOPLIST_FILE = "Huisgenoten_LogicTests/Huisgenoten_LogicTests-Info.plist";
				PRODUCT_NAME = "$(TARGET_NAME)";
				TEST_HOST = "$(BUILT_PRODUCTS_DIR)/Huisgenoten.app/Huisgenoten";
				WRAPPER_EXTENSION = octest;
			};
			name = Release;
		};
/* End XCBuildConfiguration section */

/* Begin XCConfigurationList section */
		B19A6DD817671DF00026D06C /* Build configuration list for PBXProject "Huisgenoten" */ = {
			isa = XCConfigurationList;
			buildConfigurations = (
				B19A6E1317671DF00026D06C /* Debug */,
				B19A6E1417671DF00026D06C /* Release */,
			);
			defaultConfigurationIsVisible = 0;
			defaultConfigurationName = Release;
		};
		B19A6E1517671DF00026D06C /* Build configuration list for PBXNativeTarget "Huisgenoten" */ = {
			isa = XCConfigurationList;
			buildConfigurations = (
				B19A6E1617671DF00026D06C /* Debug */,
				B19A6E1717671DF00026D06C /* Release */,
			);
			defaultConfigurationIsVisible = 0;
			defaultConfigurationName = Release;
		};
		B1E11393177A1063001B22CE /* Build configuration list for PBXNativeTarget "Huisgenoten_ApplicationTests" */ = {
			isa = XCConfigurationList;
			buildConfigurations = (
				B1E11394177A1063001B22CE /* Debug */,
				B1E11395177A1063001B22CE /* Release */,
			);
			defaultConfigurationIsVisible = 0;
			defaultConfigurationName = Release;
		};
		B1E113A9177A1074001B22CE /* Build configuration list for PBXNativeTarget "Huisgenoten_LogicTests" */ = {
			isa = XCConfigurationList;
			buildConfigurations = (
				B1E113AA177A1074001B22CE /* Debug */,
				B1E113AB177A1074001B22CE /* Release */,
			);
			defaultConfigurationIsVisible = 0;
			defaultConfigurationName = Release;
		};
/* End XCConfigurationList section */

/* Begin XCVersionGroup section */
		B1E113151779E210001B22CE /* Model.xcdatamodeld */ = {
			isa = XCVersionGroup;
			children = (
				B1E113161779E210001B22CE /* Model.xcdatamodel */,
			);
			currentVersion = B1E113161779E210001B22CE /* Model.xcdatamodel */;
			path = Model.xcdatamodeld;
			sourceTree = "<group>";
			versionGroupType = wrapper.xcdatamodel;
		};
/* End XCVersionGroup section */
	};
	rootObject = B19A6DD517671DF00026D06C /* Project object */;
}
